<?xml version="1.0" encoding="UTF-8"?>
<!DOCTYPE plist PUBLIC "-//Apple//DTD PLIST 1.0//EN" "http://www.apple.com/DTDs/PropertyList-1.0.dtd">
<plist version="1.0">
<dict>
	<key>archiveVersion</key>
	<string>1</string>
	<key>classes</key>
	<dict/>
	<key>objectVersion</key>
	<string>46</string>
	<key>objects</key>
	<dict>
		<key>080E96DDFE201D6D7F000001</key>
		<dict>
			<key>children</key>
			<array>
				<string>256AC3D80F4B6AC300CF3369</string>
				<string>256AC3D90F4B6AC300CF3369</string>
				<string>347A7DA514D792730034D71E</string>
				<string>342A41B7183E507C00BF09C8</string>
				<string>34598341169CAB66007C84F8</string>
				<string>34598342169CAB66007C84F8</string>
				<string>34656494194DEEA200235998</string>
				<string>34656495194DEEA200235998</string>
				<string>3494768B168B70F700B783D2</string>
				<string>34947687168B706C00B783D2</string>
				<string>34947686168B6F9200B783D2</string>
				<string>34F9652813D742FA0081D1F3</string>
				<string>34F9652913D742FA0081D1F3</string>
				<string>34BE221A18C1D7800014BB5B</string>
				<string>34BE221B18C1D7800014BB5B</string>
				<string>34BE221D18C1D7850014BB5B</string>
				<string>34947682168B6EB000B783D2</string>
				<string>34947683168B6EB000B783D2</string>
				<string>34F9652A13D742FA0081D1F3</string>
				<string>34F9652B13D742FA0081D1F3</string>
			</array>
			<key>isa</key>
			<string>PBXGroup</string>
			<key>name</key>
			<string>Classes</string>
			<key>sourceTree</key>
			<string>&lt;group&gt;</string>
		</dict>
		<key>089C165CFE840E0CC02AAC07</key>
		<dict>
			<key>children</key>
			<array>
				<string>089C165DFE840E0CC02AAC07</string>
			</array>
			<key>isa</key>
			<string>PBXVariantGroup</string>
			<key>name</key>
			<string>InfoPlist.strings</string>
			<key>sourceTree</key>
			<string>&lt;group&gt;</string>
		</dict>
		<key>089C165DFE840E0CC02AAC07</key>
		<dict>
			<key>fileEncoding</key>
			<string>4</string>
			<key>isa</key>
			<string>PBXFileReference</string>
			<key>lastKnownFileType</key>
			<string>text.plist.strings</string>
			<key>name</key>
			<string>English</string>
			<key>path</key>
			<string>English.lproj/InfoPlist.strings</string>
			<key>sourceTree</key>
			<string>&lt;group&gt;</string>
		</dict>
		<key>1058C7A0FEA54F0111CA2CBB</key>
		<dict>
			<key>children</key>
			<array>
				<string>343420CA13D74C16000DBD3E</string>
				<string>1058C7A1FEA54F0111CA2CBB</string>
			</array>
			<key>isa</key>
			<string>PBXGroup</string>
			<key>name</key>
			<string>Linked Frameworks</string>
			<key>sourceTree</key>
			<string>&lt;group&gt;</string>
		</dict>
		<key>1058C7A1FEA54F0111CA2CBB</key>
		<dict>
			<key>isa</key>
			<string>PBXFileReference</string>
			<key>lastKnownFileType</key>
			<string>wrapper.framework</string>
			<key>name</key>
			<string>Cocoa.framework</string>
			<key>path</key>
			<string>/System/Library/Frameworks/Cocoa.framework</string>
			<key>sourceTree</key>
			<string>&lt;absolute&gt;</string>
		</dict>
		<key>1058C7A2FEA54F0111CA2CBB</key>
		<dict>
			<key>children</key>
			<array>
				<string>29B97324FDCFA39411CA2CEA</string>
				<string>13E42FB307B3F0F600E4EEF1</string>
				<string>29B97325FDCFA39411CA2CEA</string>
			</array>
			<key>isa</key>
			<string>PBXGroup</string>
			<key>name</key>
			<string>Other Frameworks</string>
			<key>sourceTree</key>
			<string>&lt;group&gt;</string>
		</dict>
		<key>13E42FB307B3F0F600E4EEF1</key>
		<dict>
			<key>isa</key>
			<string>PBXFileReference</string>
			<key>lastKnownFileType</key>
			<string>wrapper.framework</string>
			<key>name</key>
			<string>CoreData.framework</string>
			<key>path</key>
			<string>/System/Library/Frameworks/CoreData.framework</string>
			<key>sourceTree</key>
			<string>&lt;absolute&gt;</string>
		</dict>
		<key>19C28FACFE9D520D11CA2CBB</key>
		<dict>
			<key>children</key>
			<array>
				<string>8D1107320486CEB800E47090</string>
			</array>
			<key>isa</key>
			<string>PBXGroup</string>
			<key>name</key>
			<string>Products</string>
			<key>sourceTree</key>
			<string>&lt;group&gt;</string>
		</dict>
		<key>1DDD58140DA1D0A300B32029</key>
		<dict>
			<key>children</key>
			<array>
				<string>1DDD58150DA1D0A300B32029</string>
			</array>
			<key>isa</key>
			<string>PBXVariantGroup</string>
			<key>name</key>
			<string>MainMenu.xib</string>
			<key>sourceTree</key>
			<string>&lt;group&gt;</string>
		</dict>
		<key>1DDD58150DA1D0A300B32029</key>
		<dict>
			<key>isa</key>
			<string>PBXFileReference</string>
			<key>lastKnownFileType</key>
			<string>file.xib</string>
			<key>name</key>
			<string>English</string>
			<key>path</key>
			<string>English.lproj/MainMenu.xib</string>
			<key>sourceTree</key>
			<string>&lt;group&gt;</string>
		</dict>
		<key>1DDD58160DA1D0A300B32029</key>
		<dict>
			<key>fileRef</key>
			<string>1DDD58140DA1D0A300B32029</string>
			<key>isa</key>
			<string>PBXBuildFile</string>
		</dict>
		<key>20EBDF0957114859AD8EB8A6</key>
		<dict>
			<key>buildActionMask</key>
			<string>2147483647</string>
			<key>files</key>
			<array/>
			<key>inputPaths</key>
			<array/>
			<key>isa</key>
			<string>PBXShellScriptBuildPhase</string>
			<key>name</key>
			<string>Copy Pods Resources</string>
			<key>outputPaths</key>
			<array/>
			<key>runOnlyForDeploymentPostprocessing</key>
			<string>0</string>
			<key>shellPath</key>
			<string>/bin/sh</string>
			<key>shellScript</key>
			<string>"${SRCROOT}/Pods/Pods-resources.sh"
</string>
			<key>showEnvVarsInLog</key>
			<string>0</string>
		</dict>
		<key>256AC3D80F4B6AC300CF3369</key>
		<dict>
			<key>fileEncoding</key>
			<string>4</string>
			<key>isa</key>
			<string>PBXFileReference</string>
			<key>lastKnownFileType</key>
			<string>sourcecode.c.h</string>
			<key>path</key>
			<string>AppDelegate.h</string>
			<key>sourceTree</key>
			<string>&lt;group&gt;</string>
		</dict>
		<key>256AC3D90F4B6AC300CF3369</key>
		<dict>
			<key>fileEncoding</key>
			<string>4</string>
			<key>isa</key>
			<string>PBXFileReference</string>
			<key>lastKnownFileType</key>
			<string>sourcecode.c.objc</string>
			<key>path</key>
			<string>AppDelegate.m</string>
			<key>sourceTree</key>
			<string>&lt;group&gt;</string>
		</dict>
		<key>256AC3DA0F4B6AC300CF3369</key>
		<dict>
			<key>fileRef</key>
			<string>256AC3D90F4B6AC300CF3369</string>
			<key>isa</key>
			<string>PBXBuildFile</string>
		</dict>
		<key>256AC3F00F4B6AF500CF3369</key>
		<dict>
			<key>fileEncoding</key>
			<string>4</string>
			<key>isa</key>
			<string>PBXFileReference</string>
			<key>lastKnownFileType</key>
			<string>sourcecode.c.h</string>
			<key>path</key>
			<string>Seil_server_Prefix.pch</string>
			<key>sourceTree</key>
			<string>&lt;group&gt;</string>
		</dict>
		<key>29B97313FDCFA39411CA2CEA</key>
		<dict>
			<key>attributes</key>
			<dict>
				<key>LastUpgradeCheck</key>
				<string>0510</string>
			</dict>
			<key>buildConfigurationList</key>
			<string>C01FCF4E08A954540054247B</string>
			<key>compatibilityVersion</key>
			<string>Xcode 3.2</string>
			<key>developmentRegion</key>
			<string>English</string>
			<key>hasScannedForEncodings</key>
			<string>1</string>
			<key>isa</key>
			<string>PBXProject</string>
			<key>knownRegions</key>
			<array>
				<string>en</string>
			</array>
			<key>mainGroup</key>
			<string>29B97314FDCFA39411CA2CEA</string>
			<key>projectDirPath</key>
			<string></string>
			<key>projectReferences</key>
			<array/>
			<key>projectRoot</key>
			<string></string>
			<key>targets</key>
			<array>
				<string>8D1107260486CEB800E47090</string>
			</array>
		</dict>
		<key>29B97314FDCFA39411CA2CEA</key>
		<dict>
			<key>children</key>
			<array>
				<string>080E96DDFE201D6D7F000001</string>
				<string>29B97315FDCFA39411CA2CEA</string>
				<string>29B97317FDCFA39411CA2CEA</string>
				<string>29B97323FDCFA39411CA2CEA</string>
				<string>19C28FACFE9D520D11CA2CBB</string>
				<string>6C42A8C7EF8F45F3A989227A</string>
			</array>
			<key>isa</key>
			<string>PBXGroup</string>
			<key>name</key>
			<string>Seil_server</string>
			<key>sourceTree</key>
			<string>&lt;group&gt;</string>
		</dict>
		<key>29B97315FDCFA39411CA2CEA</key>
		<dict>
			<key>children</key>
			<array>
				<string>29B97316FDCFA39411CA2CEA</string>
				<string>256AC3F00F4B6AF500CF3369</string>
			</array>
			<key>isa</key>
			<string>PBXGroup</string>
			<key>name</key>
			<string>Other Sources</string>
			<key>sourceTree</key>
			<string>&lt;group&gt;</string>
		</dict>
		<key>29B97316FDCFA39411CA2CEA</key>
		<dict>
			<key>fileEncoding</key>
			<string>4</string>
			<key>isa</key>
			<string>PBXFileReference</string>
			<key>lastKnownFileType</key>
			<string>sourcecode.c.objc</string>
			<key>path</key>
			<string>main.m</string>
			<key>sourceTree</key>
			<string>&lt;group&gt;</string>
		</dict>
		<key>29B97317FDCFA39411CA2CEA</key>
		<dict>
			<key>children</key>
			<array>
				<string>34D65EE913E06A7400476C2A</string>
				<string>3494769A168B7AAA00B783D2</string>
				<string>8D1107310486CEB800E47090</string>
				<string>089C165CFE840E0CC02AAC07</string>
				<string>3494769B168B7AAA00B783D2</string>
				<string>1DDD58140DA1D0A300B32029</string>
				<string>34D2910513ED97C5002A224E</string>
			</array>
			<key>isa</key>
			<string>PBXGroup</string>
			<key>name</key>
			<string>Resources</string>
			<key>sourceTree</key>
			<string>&lt;group&gt;</string>
		</dict>
		<key>29B97323FDCFA39411CA2CEA</key>
		<dict>
			<key>children</key>
			<array>
				<string>1058C7A0FEA54F0111CA2CBB</string>
				<string>1058C7A2FEA54F0111CA2CBB</string>
				<string>B37D2E34D74648A6AC0E5EAA</string>
			</array>
			<key>isa</key>
			<string>PBXGroup</string>
			<key>name</key>
			<string>Frameworks</string>
			<key>sourceTree</key>
			<string>&lt;group&gt;</string>
		</dict>
		<key>29B97324FDCFA39411CA2CEA</key>
		<dict>
			<key>isa</key>
			<string>PBXFileReference</string>
			<key>lastKnownFileType</key>
			<string>wrapper.framework</string>
			<key>name</key>
			<string>AppKit.framework</string>
			<key>path</key>
			<string>/System/Library/Frameworks/AppKit.framework</string>
			<key>sourceTree</key>
			<string>&lt;absolute&gt;</string>
		</dict>
		<key>29B97325FDCFA39411CA2CEA</key>
		<dict>
			<key>isa</key>
			<string>PBXFileReference</string>
			<key>lastKnownFileType</key>
			<string>wrapper.framework</string>
			<key>name</key>
			<string>Foundation.framework</string>
			<key>path</key>
			<string>/System/Library/Frameworks/Foundation.framework</string>
			<key>sourceTree</key>
			<string>&lt;absolute&gt;</string>
		</dict>
		<key>342A41B7183E507C00BF09C8</key>
		<dict>
			<key>fileEncoding</key>
			<string>4</string>
			<key>isa</key>
			<string>PBXFileReference</string>
			<key>lastKnownFileType</key>
			<string>sourcecode.c.h</string>
			<key>name</key>
			<string>bridge.h</string>
			<key>path</key>
			<string>../../bridge/include/bridge.h</string>
			<key>sourceTree</key>
			<string>&lt;group&gt;</string>
		</dict>
		<key>342A41B8183E50B800BF09C8</key>
		<dict>
			<key>fileEncoding</key>
			<string>4</string>
			<key>isa</key>
			<string>PBXFileReference</string>
			<key>lastKnownFileType</key>
			<string>sourcecode.c.h</string>
			<key>name</key>
			<string>BRIDGE_KEY_INDEX.h</string>
			<key>path</key>
			<string>../../bridge/output/BRIDGE_KEY_INDEX.h</string>
			<key>sourceTree</key>
			<string>&lt;group&gt;</string>
		</dict>
		<key>342A41B9183E50B800BF09C8</key>
		<dict>
			<key>fileEncoding</key>
			<string>4</string>
			<key>isa</key>
			<string>PBXFileReference</string>
			<key>lastKnownFileType</key>
			<string>sourcecode.c.h</string>
			<key>name</key>
			<string>bridgeconfig_config.h</string>
			<key>path</key>
			<string>../../bridge/output/bridgeconfig_config.h</string>
			<key>sourceTree</key>
			<string>&lt;group&gt;</string>
		</dict>
		<key>342A41BA183E50B800BF09C8</key>
		<dict>
			<key>fileEncoding</key>
			<string>4</string>
			<key>isa</key>
			<string>PBXFileReference</string>
			<key>lastKnownFileType</key>
			<string>sourcecode.c.h</string>
			<key>name</key>
			<string>include.bridge_version.h</string>
			<key>path</key>
			<string>../../bridge/output/include.bridge_version.h</string>
			<key>sourceTree</key>
			<string>&lt;group&gt;</string>
		</dict>
		<key>342A41BB183E50B800BF09C8</key>
		<dict>
			<key>fileEncoding</key>
			<string>4</string>
			<key>isa</key>
			<string>PBXFileReference</string>
			<key>lastKnownFileType</key>
			<string>sourcecode.c.h</string>
			<key>name</key>
			<string>setDefault.h</string>
			<key>path</key>
			<string>../../bridge/output/setDefault.h</string>
			<key>sourceTree</key>
			<string>&lt;group&gt;</string>
		</dict>
		<key>343420CA13D74C16000DBD3E</key>
		<dict>
			<key>isa</key>
			<string>PBXFileReference</string>
			<key>lastKnownFileType</key>
			<string>wrapper.framework</string>
			<key>name</key>
			<string>IOKit.framework</string>
			<key>path</key>
			<string>System/Library/Frameworks/IOKit.framework</string>
			<key>sourceTree</key>
			<string>SDKROOT</string>
		</dict>
		<key>343420CB13D74C16000DBD3E</key>
		<dict>
			<key>fileRef</key>
			<string>343420CA13D74C16000DBD3E</string>
			<key>isa</key>
			<string>PBXBuildFile</string>
		</dict>
		<key>3451A03C1949F0C000E68360</key>
		<dict>
			<key>fileEncoding</key>
			<string>4</string>
			<key>isa</key>
			<string>PBXFileReference</string>
			<key>lastKnownFileType</key>
			<string>sourcecode.c.h</string>
			<key>name</key>
			<string>MigrationUtilities.h</string>
			<key>path</key>
			<string>../../share/MigrationUtilities.h</string>
			<key>sourceTree</key>
			<string>&lt;group&gt;</string>
		</dict>
		<key>3451A03D1949F0C000E68360</key>
		<dict>
			<key>fileEncoding</key>
			<string>4</string>
			<key>isa</key>
			<string>PBXFileReference</string>
			<key>lastKnownFileType</key>
			<string>sourcecode.c.objc</string>
			<key>name</key>
			<string>MigrationUtilities.m</string>
			<key>path</key>
			<string>../../share/MigrationUtilities.m</string>
			<key>sourceTree</key>
			<string>&lt;group&gt;</string>
		</dict>
		<key>3451A03E1949F0C000E68360</key>
		<dict>
			<key>fileRef</key>
			<string>3451A03D1949F0C000E68360</string>
			<key>isa</key>
			<string>PBXBuildFile</string>
		</dict>
		<key>34598341169CAB66007C84F8</key>
		<dict>
			<key>fileEncoding</key>
			<string>4</string>
			<key>isa</key>
			<string>PBXFileReference</string>
			<key>lastKnownFileType</key>
			<string>sourcecode.c.h</string>
			<key>name</key>
			<string>ClientForKernelspace.h</string>
			<key>path</key>
			<string>Classes/ClientForKernelspace.h</string>
			<key>sourceTree</key>
			<string>&lt;group&gt;</string>
		</dict>
		<key>34598342169CAB66007C84F8</key>
		<dict>
			<key>fileEncoding</key>
			<string>4</string>
			<key>isa</key>
			<string>PBXFileReference</string>
			<key>lastKnownFileType</key>
			<string>sourcecode.c.objc</string>
			<key>name</key>
			<string>ClientForKernelspace.m</string>
			<key>path</key>
			<string>Classes/ClientForKernelspace.m</string>
			<key>sourceTree</key>
			<string>&lt;group&gt;</string>
		</dict>
		<key>34598343169CAB66007C84F8</key>
		<dict>
			<key>fileRef</key>
			<string>34598342169CAB66007C84F8</string>
			<key>isa</key>
			<string>PBXBuildFile</string>
		</dict>
		<key>34656494194DEEA200235998</key>
		<dict>
			<key>fileEncoding</key>
			<string>4</string>
			<key>isa</key>
			<string>PBXFileReference</string>
			<key>lastKnownFileType</key>
			<string>sourcecode.c.h</string>
			<key>name</key>
			<string>KextLoader.h</string>
			<key>path</key>
			<string>Classes/KextLoader.h</string>
			<key>sourceTree</key>
			<string>&lt;group&gt;</string>
		</dict>
		<key>34656495194DEEA200235998</key>
		<dict>
			<key>fileEncoding</key>
			<string>4</string>
			<key>isa</key>
			<string>PBXFileReference</string>
			<key>lastKnownFileType</key>
			<string>sourcecode.c.objc</string>
			<key>name</key>
			<string>KextLoader.m</string>
			<key>path</key>
			<string>Classes/KextLoader.m</string>
			<key>sourceTree</key>
			<string>&lt;group&gt;</string>
		</dict>
		<key>34656496194DEEA200235998</key>
		<dict>
			<key>fileRef</key>
			<string>34656495194DEEA200235998</string>
			<key>isa</key>
			<string>PBXBuildFile</string>
		</dict>
		<key>347A7DA514D792730034D71E</key>
		<dict>
			<key>children</key>
			<array>
				<string>342A41B8183E50B800BF09C8</string>
				<string>342A41B9183E50B800BF09C8</string>
				<string>342A41BA183E50B800BF09C8</string>
				<string>342A41BB183E50B800BF09C8</string>
			</array>
			<key>isa</key>
			<string>PBXGroup</string>
			<key>name</key>
			<string>bridge</string>
			<key>sourceTree</key>
			<string>&lt;group&gt;</string>
		</dict>
		<key>34947682168B6EB000B783D2</key>
		<dict>
			<key>fileEncoding</key>
			<string>4</string>
			<key>isa</key>
			<string>PBXFileReference</string>
			<key>lastKnownFileType</key>
			<string>sourcecode.c.h</string>
			<key>name</key>
			<string>Updater.h</string>
			<key>path</key>
			<string>Classes/Updater.h</string>
			<key>sourceTree</key>
			<string>&lt;group&gt;</string>
		</dict>
		<key>34947683168B6EB000B783D2</key>
		<dict>
			<key>fileEncoding</key>
			<string>4</string>
			<key>isa</key>
			<string>PBXFileReference</string>
			<key>lastKnownFileType</key>
			<string>sourcecode.c.objc</string>
			<key>name</key>
			<string>Updater.m</string>
			<key>path</key>
			<string>Classes/Updater.m</string>
			<key>sourceTree</key>
			<string>&lt;group&gt;</string>
		</dict>
		<key>34947684168B6EB000B783D2</key>
		<dict>
			<key>fileRef</key>
			<string>34947683168B6EB000B783D2</string>
			<key>isa</key>
			<string>PBXBuildFile</string>
		</dict>
		<key>34947686168B6F9200B783D2</key>
		<dict>
			<key>fileEncoding</key>
			<string>4</string>
			<key>isa</key>
			<string>PBXFileReference</string>
			<key>lastKnownFileType</key>
			<string>sourcecode.c.h</string>
			<key>name</key>
			<string>PreferencesKeys.h</string>
			<key>path</key>
			<string>Classes/PreferencesKeys.h</string>
			<key>sourceTree</key>
			<string>&lt;group&gt;</string>
		</dict>
		<key>34947687168B706C00B783D2</key>
		<dict>
			<key>children</key>
			<array>
				<string>34947694168B740E00B783D2</string>
				<string>34947695168B740E00B783D2</string>
				<string>34947690168B740E00B783D2</string>
				<string>34947691168B740E00B783D2</string>
				<string>34947692168B740E00B783D2</string>
				<string>34947693168B740E00B783D2</string>
				<string>34947688168B707500B783D2</string>
				<string>34947689168B707500B783D2</string>
			</array>
			<key>isa</key>
			<string>PBXGroup</string>
			<key>name</key>
			<string>Preferences</string>
			<key>sourceTree</key>
			<string>&lt;group&gt;</string>
		</dict>
		<key>34947688168B707500B783D2</key>
		<dict>
			<key>fileEncoding</key>
			<string>4</string>
			<key>isa</key>
			<string>PBXFileReference</string>
			<key>lastKnownFileType</key>
			<string>sourcecode.c.h</string>
			<key>name</key>
			<string>PreferencesController.h</string>
			<key>path</key>
			<string>Classes/Preferences/PreferencesController.h</string>
			<key>sourceTree</key>
			<string>&lt;group&gt;</string>
		</dict>
		<key>34947689168B707500B783D2</key>
		<dict>
			<key>fileEncoding</key>
			<string>4</string>
			<key>isa</key>
			<string>PBXFileReference</string>
			<key>lastKnownFileType</key>
			<string>sourcecode.c.objc</string>
			<key>name</key>
			<string>PreferencesController.m</string>
			<key>path</key>
			<string>Classes/Preferences/PreferencesController.m</string>
			<key>sourceTree</key>
			<string>&lt;group&gt;</string>
		</dict>
		<key>3494768A168B707500B783D2</key>
		<dict>
			<key>fileRef</key>
			<string>34947689168B707500B783D2</string>
			<key>isa</key>
			<string>PBXBuildFile</string>
		</dict>
		<key>3494768B168B70F700B783D2</key>
		<dict>
			<key>fileEncoding</key>
			<string>4</string>
			<key>isa</key>
			<string>PBXFileReference</string>
			<key>lastKnownFileType</key>
			<string>sourcecode.c.h</string>
			<key>name</key>
			<string>NotificationKeys.h</string>
			<key>path</key>
			<string>Classes/NotificationKeys.h</string>
			<key>sourceTree</key>
			<string>&lt;group&gt;</string>
		</dict>
		<key>34947690168B740E00B783D2</key>
		<dict>
			<key>fileEncoding</key>
			<string>4</string>
			<key>isa</key>
			<string>PBXFileReference</string>
			<key>lastKnownFileType</key>
			<string>sourcecode.c.h</string>
			<key>name</key>
			<string>OutlineView_keycode.h</string>
			<key>path</key>
			<string>Classes/Preferences/OutlineView_keycode.h</string>
			<key>sourceTree</key>
			<string>&lt;group&gt;</string>
		</dict>
		<key>34947691168B740E00B783D2</key>
		<dict>
			<key>fileEncoding</key>
			<string>4</string>
			<key>isa</key>
			<string>PBXFileReference</string>
			<key>lastKnownFileType</key>
			<string>sourcecode.c.objc</string>
			<key>name</key>
			<string>OutlineView_keycode.m</string>
			<key>path</key>
			<string>Classes/Preferences/OutlineView_keycode.m</string>
			<key>sourceTree</key>
			<string>&lt;group&gt;</string>
		</dict>
		<key>34947692168B740E00B783D2</key>
		<dict>
			<key>fileEncoding</key>
			<string>4</string>
			<key>isa</key>
			<string>PBXFileReference</string>
			<key>lastKnownFileType</key>
			<string>sourcecode.c.h</string>
			<key>name</key>
			<string>OutlineView_mixed.h</string>
			<key>path</key>
			<string>Classes/Preferences/OutlineView_mixed.h</string>
			<key>sourceTree</key>
			<string>&lt;group&gt;</string>
		</dict>
		<key>34947693168B740E00B783D2</key>
		<dict>
			<key>fileEncoding</key>
			<string>4</string>
			<key>isa</key>
			<string>PBXFileReference</string>
			<key>lastKnownFileType</key>
			<string>sourcecode.c.objc</string>
			<key>name</key>
			<string>OutlineView_mixed.m</string>
			<key>path</key>
			<string>Classes/Preferences/OutlineView_mixed.m</string>
			<key>sourceTree</key>
			<string>&lt;group&gt;</string>
		</dict>
		<key>34947694168B740E00B783D2</key>
		<dict>
			<key>fileEncoding</key>
			<string>4</string>
			<key>isa</key>
			<string>PBXFileReference</string>
			<key>lastKnownFileType</key>
			<string>sourcecode.c.h</string>
			<key>name</key>
			<string>OutlineView.h</string>
			<key>path</key>
			<string>Classes/Preferences/OutlineView.h</string>
			<key>sourceTree</key>
			<string>&lt;group&gt;</string>
		</dict>
		<key>34947695168B740E00B783D2</key>
		<dict>
			<key>fileEncoding</key>
			<string>4</string>
			<key>isa</key>
			<string>PBXFileReference</string>
			<key>lastKnownFileType</key>
			<string>sourcecode.c.objc</string>
			<key>name</key>
			<string>OutlineView.m</string>
			<key>path</key>
			<string>Classes/Preferences/OutlineView.m</string>
			<key>sourceTree</key>
			<string>&lt;group&gt;</string>
		</dict>
		<key>34947696168B740E00B783D2</key>
		<dict>
			<key>fileRef</key>
			<string>34947691168B740E00B783D2</string>
			<key>isa</key>
			<string>PBXBuildFile</string>
		</dict>
		<key>34947697168B740E00B783D2</key>
		<dict>
			<key>fileRef</key>
			<string>34947693168B740E00B783D2</string>
			<key>isa</key>
			<string>PBXBuildFile</string>
		</dict>
		<key>34947698168B740E00B783D2</key>
		<dict>
			<key>fileRef</key>
			<string>34947695168B740E00B783D2</string>
			<key>isa</key>
			<string>PBXBuildFile</string>
		</dict>
		<key>3494769A168B7AAA00B783D2</key>
		<dict>
			<key>fileEncoding</key>
			<string>4</string>
			<key>isa</key>
			<string>PBXFileReference</string>
			<key>lastKnownFileType</key>
			<string>text.xml</string>
			<key>name</key>
			<string>checkbox.xml</string>
			<key>path</key>
			<string>Resources/checkbox.xml</string>
			<key>sourceTree</key>
			<string>&lt;group&gt;</string>
		</dict>
		<key>3494769B168B7AAA00B783D2</key>
		<dict>
			<key>fileEncoding</key>
			<string>4</string>
			<key>isa</key>
			<string>PBXFileReference</string>
			<key>lastKnownFileType</key>
			<string>text.xml</string>
			<key>name</key>
			<string>known.xml</string>
			<key>path</key>
			<string>Resources/known.xml</string>
			<key>sourceTree</key>
			<string>&lt;group&gt;</string>
		</dict>
		<key>3494769C168B7AAA00B783D2</key>
		<dict>
			<key>fileRef</key>
			<string>3494769A168B7AAA00B783D2</string>
			<key>isa</key>
			<string>PBXBuildFile</string>
		</dict>
		<key>3494769D168B7AAA00B783D2</key>
		<dict>
			<key>fileRef</key>
			<string>3494769B168B7AAA00B783D2</string>
			<key>isa</key>
			<string>PBXBuildFile</string>
		</dict>
		<key>34BE221A18C1D7800014BB5B</key>
		<dict>
			<key>fileEncoding</key>
			<string>4</string>
			<key>isa</key>
			<string>PBXFileReference</string>
			<key>lastKnownFileType</key>
			<string>sourcecode.c.h</string>
			<key>name</key>
			<string>ServerForUserspace.h</string>
			<key>path</key>
			<string>Classes/ServerForUserspace.h</string>
			<key>sourceTree</key>
			<string>&lt;group&gt;</string>
		</dict>
		<key>34BE221B18C1D7800014BB5B</key>
		<dict>
			<key>fileEncoding</key>
			<string>4</string>
			<key>isa</key>
			<string>PBXFileReference</string>
			<key>lastKnownFileType</key>
			<string>sourcecode.c.objc</string>
			<key>name</key>
			<string>ServerForUserspace.m</string>
			<key>path</key>
			<string>Classes/ServerForUserspace.m</string>
			<key>sourceTree</key>
			<string>&lt;group&gt;</string>
		</dict>
		<key>34BE221C18C1D7800014BB5B</key>
		<dict>
			<key>fileRef</key>
			<string>34BE221B18C1D7800014BB5B</string>
			<key>isa</key>
			<string>PBXBuildFile</string>
		</dict>
		<key>34BE221D18C1D7850014BB5B</key>
		<dict>
			<key>children</key>
			<array>
				<string>3451A03C1949F0C000E68360</string>
				<string>3451A03D1949F0C000E68360</string>
				<string>34E4086B19571DC100530059</string>
				<string>34E4086C19571DC100530059</string>
				<string>34BE222018C1D7970014BB5B</string>
				<string>34BE222118C1D7970014BB5B</string>
				<string>34E5165A193EA296002BB013</string>
				<string>34E5165B193EA296002BB013</string>
			</array>
			<key>isa</key>
			<string>PBXGroup</string>
			<key>name</key>
			<string>share</string>
			<key>sourceTree</key>
			<string>&lt;group&gt;</string>
		</dict>
		<key>34BE222018C1D7970014BB5B</key>
		<dict>
			<key>fileEncoding</key>
			<string>4</string>
			<key>isa</key>
			<string>PBXFileReference</string>
			<key>lastKnownFileType</key>
			<string>sourcecode.c.h</string>
			<key>name</key>
			<string>SeilKeys.h</string>
			<key>path</key>
			<string>../../share/SeilKeys.h</string>
			<key>sourceTree</key>
			<string>&lt;group&gt;</string>
		</dict>
		<key>34BE222118C1D7970014BB5B</key>
		<dict>
			<key>fileEncoding</key>
			<string>4</string>
			<key>isa</key>
			<string>PBXFileReference</string>
			<key>lastKnownFileType</key>
			<string>sourcecode.c.h</string>
			<key>name</key>
			<string>SeilProtocol.h</string>
			<key>path</key>
			<string>../../share/SeilProtocol.h</string>
			<key>sourceTree</key>
			<string>&lt;group&gt;</string>
		</dict>
		<key>34D2910513ED97C5002A224E</key>
		<dict>
			<key>fileEncoding</key>
			<string>4</string>
			<key>isa</key>
			<string>PBXFileReference</string>
			<key>lastKnownFileType</key>
			<string>text</string>
			<key>name</key>
			<string>Seil_pub.pem</string>
			<key>path</key>
			<string>Resources/Seil_pub.pem</string>
			<key>sourceTree</key>
			<string>&lt;group&gt;</string>
		</dict>
		<key>34D2910613ED97C5002A224E</key>
		<dict>
			<key>fileRef</key>
			<string>34D2910513ED97C5002A224E</string>
			<key>isa</key>
			<string>PBXBuildFile</string>
		</dict>
		<key>34D2910B13ED99B5002A224E</key>
		<dict>
			<key>buildActionMask</key>
			<string>2147483647</string>
			<key>dstPath</key>
			<string></string>
			<key>dstSubfolderSpec</key>
			<string>10</string>
			<key>files</key>
			<array/>
			<key>isa</key>
			<string>PBXCopyFilesBuildPhase</string>
			<key>runOnlyForDeploymentPostprocessing</key>
			<string>0</string>
		</dict>
		<key>34D65EE913E06A7400476C2A</key>
		<dict>
			<key>isa</key>
			<string>PBXFileReference</string>
			<key>lastKnownFileType</key>
			<string>image.icns</string>
			<key>name</key>
			<string>app.icns</string>
			<key>path</key>
			<string>../../share/Resources/app.icns</string>
			<key>sourceTree</key>
			<string>&lt;group&gt;</string>
		</dict>
		<key>34D65EEA13E06A7400476C2A</key>
		<dict>
			<key>fileRef</key>
			<string>34D65EE913E06A7400476C2A</string>
			<key>isa</key>
			<string>PBXBuildFile</string>
		</dict>
		<key>34E4086B19571DC100530059</key>
		<dict>
			<key>fileEncoding</key>
			<string>4</string>
			<key>isa</key>
			<string>PBXFileReference</string>
			<key>lastKnownFileType</key>
			<string>sourcecode.c.h</string>
			<key>name</key>
			<string>Relauncher.h</string>
			<key>path</key>
			<string>../../share/Relauncher.h</string>
			<key>sourceTree</key>
			<string>&lt;group&gt;</string>
		</dict>
		<key>34E4086C19571DC100530059</key>
		<dict>
			<key>fileEncoding</key>
			<string>4</string>
			<key>isa</key>
			<string>PBXFileReference</string>
			<key>lastKnownFileType</key>
			<string>sourcecode.c.objc</string>
			<key>name</key>
			<string>Relauncher.m</string>
			<key>path</key>
			<string>../../share/Relauncher.m</string>
			<key>sourceTree</key>
			<string>&lt;group&gt;</string>
		</dict>
		<key>34E4086D19571DC100530059</key>
		<dict>
			<key>fileRef</key>
			<string>34E4086C19571DC100530059</string>
			<key>isa</key>
			<string>PBXBuildFile</string>
		</dict>
		<key>34E5165A193EA296002BB013</key>
		<dict>
			<key>fileEncoding</key>
			<string>4</string>
			<key>isa</key>
			<string>PBXFileReference</string>
			<key>lastKnownFileType</key>
			<string>sourcecode.c.h</string>
			<key>name</key>
			<string>StartAtLoginUtilities.h</string>
			<key>path</key>
			<string>../../share/StartAtLoginUtilities.h</string>
			<key>sourceTree</key>
			<string>&lt;group&gt;</string>
		</dict>
		<key>34E5165B193EA296002BB013</key>
		<dict>
			<key>fileEncoding</key>
			<string>4</string>
			<key>isa</key>
			<string>PBXFileReference</string>
			<key>lastKnownFileType</key>
			<string>sourcecode.c.objc</string>
			<key>name</key>
			<string>StartAtLoginUtilities.m</string>
			<key>path</key>
			<string>../../share/StartAtLoginUtilities.m</string>
			<key>sourceTree</key>
			<string>&lt;group&gt;</string>
		</dict>
		<key>34E5165C193EA296002BB013</key>
		<dict>
			<key>fileRef</key>
			<string>34E5165B193EA296002BB013</string>
			<key>isa</key>
			<string>PBXBuildFile</string>
		</dict>
		<key>34F9652813D742FA0081D1F3</key>
		<dict>
			<key>fileEncoding</key>
			<string>4</string>
			<key>isa</key>
			<string>PBXFileReference</string>
			<key>lastKnownFileType</key>
			<string>sourcecode.c.h</string>
			<key>name</key>
			<string>PreferencesManager.h</string>
			<key>path</key>
			<string>Classes/PreferencesManager.h</string>
			<key>sourceTree</key>
			<string>&lt;group&gt;</string>
		</dict>
		<key>34F9652913D742FA0081D1F3</key>
		<dict>
			<key>fileEncoding</key>
			<string>4</string>
			<key>isa</key>
			<string>PBXFileReference</string>
			<key>lastKnownFileType</key>
			<string>sourcecode.c.objc</string>
			<key>name</key>
			<string>PreferencesManager.m</string>
			<key>path</key>
			<string>Classes/PreferencesManager.m</string>
			<key>sourceTree</key>
			<string>&lt;group&gt;</string>
		</dict>
		<key>34F9652A13D742FA0081D1F3</key>
		<dict>
			<key>fileEncoding</key>
			<string>4</string>
			<key>isa</key>
			<string>PBXFileReference</string>
			<key>lastKnownFileType</key>
			<string>sourcecode.c.h</string>
			<key>name</key>
			<string>UserClient_userspace.h</string>
			<key>path</key>
			<string>Classes/UserClient_userspace.h</string>
			<key>sourceTree</key>
			<string>&lt;group&gt;</string>
		</dict>
		<key>34F9652B13D742FA0081D1F3</key>
		<dict>
			<key>fileEncoding</key>
			<string>4</string>
			<key>isa</key>
			<string>PBXFileReference</string>
			<key>lastKnownFileType</key>
			<string>sourcecode.c.objc</string>
			<key>name</key>
			<string>UserClient_userspace.m</string>
			<key>path</key>
			<string>Classes/UserClient_userspace.m</string>
			<key>sourceTree</key>
			<string>&lt;group&gt;</string>
		</dict>
		<key>34F9652C13D742FA0081D1F3</key>
		<dict>
			<key>fileRef</key>
			<string>34F9652913D742FA0081D1F3</string>
			<key>isa</key>
			<string>PBXBuildFile</string>
		</dict>
		<key>34F9652D13D742FA0081D1F3</key>
		<dict>
			<key>fileRef</key>
			<string>34F9652B13D742FA0081D1F3</string>
			<key>isa</key>
			<string>PBXBuildFile</string>
		</dict>
		<key>62240FC650E14001A2993018</key>
		<dict>
			<key>buildActionMask</key>
			<string>2147483647</string>
			<key>files</key>
			<array/>
			<key>inputPaths</key>
			<array/>
			<key>isa</key>
			<string>PBXShellScriptBuildPhase</string>
			<key>name</key>
			<string>Check Pods Manifest.lock</string>
			<key>outputPaths</key>
			<array/>
			<key>runOnlyForDeploymentPostprocessing</key>
			<string>0</string>
			<key>shellPath</key>
			<string>/bin/sh</string>
			<key>shellScript</key>
			<string>diff "${PODS_ROOT}/../Podfile.lock" "${PODS_ROOT}/Manifest.lock" &gt; /dev/null
if [[ $? != 0 ]] ; then
    cat &lt;&lt; EOM
error: The sandbox is not in sync with the Podfile.lock. Run 'pod install' or update your CocoaPods installation.
EOM
    exit 1
fi
</string>
			<key>showEnvVarsInLog</key>
			<string>0</string>
		</dict>
		<key>6C42A8C7EF8F45F3A989227A</key>
		<dict>
			<key>includeInIndex</key>
			<string>1</string>
			<key>isa</key>
			<string>PBXFileReference</string>
			<key>lastKnownFileType</key>
			<string>text.xcconfig</string>
			<key>name</key>
			<string>Pods.xcconfig</string>
			<key>path</key>
			<string>Pods/Pods.xcconfig</string>
			<key>sourceTree</key>
			<string>&lt;group&gt;</string>
		</dict>
		<key>8D1107260486CEB800E47090</key>
		<dict>
			<key>buildConfigurationList</key>
			<string>C01FCF4A08A954540054247B</string>
			<key>buildPhases</key>
			<array>
				<string>62240FC650E14001A2993018</string>
				<string>8D1107290486CEB800E47090</string>
				<string>8D11072C0486CEB800E47090</string>
				<string>8D11072E0486CEB800E47090</string>
				<string>34D2910B13ED99B5002A224E</string>
				<string>20EBDF0957114859AD8EB8A6</string>
			</array>
			<key>buildRules</key>
			<array/>
			<key>dependencies</key>
			<array/>
			<key>isa</key>
			<string>PBXNativeTarget</string>
			<key>name</key>
			<string>Seil_server</string>
			<key>productInstallPath</key>
			<string>$(HOME)/Applications</string>
			<key>productName</key>
			<string>Seil_server</string>
			<key>productReference</key>
			<string>8D1107320486CEB800E47090</string>
			<key>productType</key>
			<string>com.apple.product-type.application</string>
		</dict>
		<key>8D1107290486CEB800E47090</key>
		<dict>
			<key>buildActionMask</key>
			<string>2147483647</string>
			<key>files</key>
			<array>
				<string>8D11072B0486CEB800E47090</string>
				<string>1DDD58160DA1D0A300B32029</string>
				<string>34D65EEA13E06A7400476C2A</string>
				<string>34D2910613ED97C5002A224E</string>
				<string>3494769C168B7AAA00B783D2</string>
				<string>3494769D168B7AAA00B783D2</string>
			</array>
			<key>isa</key>
			<string>PBXResourcesBuildPhase</string>
			<key>runOnlyForDeploymentPostprocessing</key>
			<string>0</string>
		</dict>
		<key>8D11072B0486CEB800E47090</key>
		<dict>
			<key>fileRef</key>
			<string>089C165CFE840E0CC02AAC07</string>
			<key>isa</key>
			<string>PBXBuildFile</string>
		</dict>
		<key>8D11072C0486CEB800E47090</key>
		<dict>
			<key>buildActionMask</key>
			<string>2147483647</string>
			<key>files</key>
			<array>
				<string>8D11072D0486CEB800E47090</string>
				<string>256AC3DA0F4B6AC300CF3369</string>
				<string>34F9652C13D742FA0081D1F3</string>
				<string>3451A03E1949F0C000E68360</string>
				<string>34E5165C193EA296002BB013</string>
				<string>34BE221C18C1D7800014BB5B</string>
				<string>34F9652D13D742FA0081D1F3</string>
				<string>34947684168B6EB000B783D2</string>
				<string>3494768A168B707500B783D2</string>
				<string>34656496194DEEA200235998</string>
				<string>34947696168B740E00B783D2</string>
				<string>34E4086D19571DC100530059</string>
				<string>34947697168B740E00B783D2</string>
				<string>34947698168B740E00B783D2</string>
				<string>34598343169CAB66007C84F8</string>
			</array>
			<key>isa</key>
			<string>PBXSourcesBuildPhase</string>
			<key>runOnlyForDeploymentPostprocessing</key>
			<string>0</string>
		</dict>
		<key>8D11072D0486CEB800E47090</key>
		<dict>
			<key>fileRef</key>
			<string>29B97316FDCFA39411CA2CEA</string>
			<key>isa</key>
			<string>PBXBuildFile</string>
			<key>settings</key>
			<dict>
				<key>ATTRIBUTES</key>
				<array/>
			</dict>
		</dict>
		<key>8D11072E0486CEB800E47090</key>
		<dict>
			<key>buildActionMask</key>
			<string>2147483647</string>
			<key>files</key>
			<array>
				<string>343420CB13D74C16000DBD3E</string>
				<string>8D11072F0486CEB800E47090</string>
				<string>BC6E13CD109242D7A42A91B5</string>
			</array>
			<key>isa</key>
			<string>PBXFrameworksBuildPhase</string>
			<key>runOnlyForDeploymentPostprocessing</key>
			<string>0</string>
		</dict>
		<key>8D11072F0486CEB800E47090</key>
		<dict>
			<key>fileRef</key>
			<string>1058C7A1FEA54F0111CA2CBB</string>
			<key>isa</key>
			<string>PBXBuildFile</string>
		</dict>
		<key>8D1107310486CEB800E47090</key>
		<dict>
			<key>fileEncoding</key>
			<string>4</string>
			<key>isa</key>
			<string>PBXFileReference</string>
			<key>lastKnownFileType</key>
			<string>text.plist.xml</string>
			<key>path</key>
			<string>Info.plist</string>
			<key>sourceTree</key>
			<string>&lt;group&gt;</string>
		</dict>
		<key>8D1107320486CEB800E47090</key>
		<dict>
			<key>explicitFileType</key>
			<string>wrapper.application</string>
			<key>includeInIndex</key>
			<string>0</string>
			<key>isa</key>
			<string>PBXFileReference</string>
			<key>path</key>
			<string>Seil.app</string>
			<key>sourceTree</key>
			<string>BUILT_PRODUCTS_DIR</string>
		</dict>
		<key>B37D2E34D74648A6AC0E5EAA</key>
		<dict>
			<key>explicitFileType</key>
			<string>archive.ar</string>
			<key>includeInIndex</key>
			<string>0</string>
			<key>isa</key>
			<string>PBXFileReference</string>
			<key>path</key>
			<string>libPods.a</string>
			<key>sourceTree</key>
			<string>BUILT_PRODUCTS_DIR</string>
		</dict>
		<key>BC6E13CD109242D7A42A91B5</key>
		<dict>
			<key>fileRef</key>
			<string>B37D2E34D74648A6AC0E5EAA</string>
			<key>isa</key>
			<string>PBXBuildFile</string>
		</dict>
		<key>C01FCF4A08A954540054247B</key>
		<dict>
			<key>buildConfigurations</key>
			<array>
				<string>C01FCF4C08A954540054247B</string>
			</array>
			<key>defaultConfigurationIsVisible</key>
			<string>0</string>
			<key>defaultConfigurationName</key>
			<string>Release</string>
			<key>isa</key>
			<string>XCConfigurationList</string>
		</dict>
		<key>C01FCF4C08A954540054247B</key>
		<dict>
			<key>baseConfigurationReference</key>
			<string>6C42A8C7EF8F45F3A989227A</string>
			<key>buildSettings</key>
			<dict>
				<key>ALWAYS_SEARCH_USER_PATHS</key>
				<string>NO</string>
				<key>COMBINE_HIDPI_IMAGES</key>
				<string>YES</string>
				<key>DEBUG_INFORMATION_FORMAT</key>
				<string>dwarf-with-dsym</string>
				<key>FRAMEWORK_SEARCH_PATHS</key>
				<array>
					<string>$(inherited)</string>
					<string>"$(SRCROOT)/Frameworks"</string>
				</array>
				<key>GCC_MODEL_TUNING</key>
				<string>G5</string>
				<key>GCC_PRECOMPILE_PREFIX_HEADER</key>
				<string>YES</string>
				<key>GCC_PREFIX_HEADER</key>
				<string>Seil_server_Prefix.pch</string>
				<key>INFOPLIST_FILE</key>
				<string>Info.plist</string>
				<key>INSTALL_PATH</key>
				<string>$(HOME)/Applications</string>
				<key>PRODUCT_NAME</key>
				<string>Seil</string>
			</dict>
			<key>isa</key>
			<string>XCBuildConfiguration</string>
			<key>name</key>
			<string>Release</string>
		</dict>
		<key>C01FCF4E08A954540054247B</key>
		<dict>
			<key>buildConfigurations</key>
			<array>
				<string>C01FCF5008A954540054247B</string>
			</array>
			<key>defaultConfigurationIsVisible</key>
			<string>0</string>
			<key>defaultConfigurationName</key>
			<string>Release</string>
			<key>isa</key>
			<string>XCConfigurationList</string>
		</dict>
		<key>C01FCF5008A954540054247B</key>
		<dict>
			<key>buildSettings</key>
			<dict>
				<key>CLANG_ENABLE_MODULES</key>
				<string>YES</string>
				<key>CLANG_ENABLE_OBJC_ARC</key>
				<string>YES</string>
				<key>GCC_C_LANGUAGE_STANDARD</key>
				<string>gnu99</string>
				<key>GCC_ENABLE_OBJC_GC</key>
				<string>unsupported</string>
				<key>GCC_TREAT_WARNINGS_AS_ERRORS</key>
				<string>YES</string>
				<key>GCC_WARN_64_TO_32_BIT_CONVERSION</key>
				<string>YES</string>
				<key>GCC_WARN_ABOUT_MISSING_NEWLINE</key>
				<string>YES</string>
				<key>GCC_WARN_ABOUT_MISSING_PROTOTYPES</key>
				<string>YES</string>
				<key>GCC_WARN_ABOUT_RETURN_TYPE</key>
				<string>YES</string>
				<key>GCC_WARN_CHECK_SWITCH_STATEMENTS</key>
				<string>YES</string>
				<key>GCC_WARN_MISSING_PARENTHESES</key>
				<string>YES</string>
				<key>GCC_WARN_SHADOW</key>
				<string>YES</string>
				<key>GCC_WARN_SIGN_COMPARE</key>
				<string>YES</string>
				<key>GCC_WARN_UNDECLARED_SELECTOR</key>
				<string>YES</string>
				<key>GCC_WARN_UNINITIALIZED_AUTOS</key>
				<string>YES</string>
				<key>GCC_WARN_UNUSED_FUNCTION</key>
				<string>YES</string>
				<key>GCC_WARN_UNUSED_LABEL</key>
				<string>YES</string>
				<key>GCC_WARN_UNUSED_VALUE</key>
				<string>YES</string>
				<key>GCC_WARN_UNUSED_VARIABLE</key>
				<string>YES</string>
				<key>MACOSX_DEPLOYMENT_TARGET</key>
				<string>10.9</string>
				<key>RUN_CLANG_STATIC_ANALYZER</key>
				<string>YES</string>
				<key>SDKROOT</key>
				<string>macosx</string>
				<key>VALID_ARCHS</key>
				<string>i386 x86_64</string>
			</dict>
			<key>isa</key>
			<string>XCBuildConfiguration</string>
			<key>name</key>
			<string>Release</string>
		</dict>
	</dict>
	<key>rootObject</key>
	<string>29B97313FDCFA39411CA2CEA</string>
</dict>
</plist>
