// !$*UTF8*$!
{
	archiveVersion = 1;
	classes = {
	};
	objectVersion = 46;
	objects = {

/* Begin PBXBuildFile section */
		1DDD58160DA1D0A300B32029 /* MainMenu.xib in Resources */ = {isa = PBXBuildFile; fileRef = 1DDD58140DA1D0A300B32029 /* MainMenu.xib */; };
		256AC3DA0F4B6AC300CF3369 /* AppDelegate.m in Sources */ = {isa = PBXBuildFile; fileRef = 256AC3D90F4B6AC300CF3369 /* AppDelegate.m */; };
		343420CB13D74C16000DBD3E /* IOKit.framework in Frameworks */ = {isa = PBXBuildFile; fileRef = 343420CA13D74C16000DBD3E /* IOKit.framework */; };
		3451A03E1949F0C000E68360 /* MigrationUtilities.m in Sources */ = {isa = PBXBuildFile; fileRef = 3451A03D1949F0C000E68360 /* MigrationUtilities.m */; };
		34598343169CAB66007C84F8 /* ClientForKernelspace.m in Sources */ = {isa = PBXBuildFile; fileRef = 34598342169CAB66007C84F8 /* ClientForKernelspace.m */; };
		34656496194DEEA200235998 /* KextLoader.m in Sources */ = {isa = PBXBuildFile; fileRef = 34656495194DEEA200235998 /* KextLoader.m */; };
		34947684168B6EB000B783D2 /* Updater.m in Sources */ = {isa = PBXBuildFile; fileRef = 34947683168B6EB000B783D2 /* Updater.m */; };
		3494768A168B707500B783D2 /* PreferencesController.m in Sources */ = {isa = PBXBuildFile; fileRef = 34947689168B707500B783D2 /* PreferencesController.m */; };
		34947696168B740E00B783D2 /* OutlineView_keycode.m in Sources */ = {isa = PBXBuildFile; fileRef = 34947691168B740E00B783D2 /* OutlineView_keycode.m */; };
		34947697168B740E00B783D2 /* OutlineView_mixed.m in Sources */ = {isa = PBXBuildFile; fileRef = 34947693168B740E00B783D2 /* OutlineView_mixed.m */; };
		34947698168B740E00B783D2 /* OutlineView.m in Sources */ = {isa = PBXBuildFile; fileRef = 34947695168B740E00B783D2 /* OutlineView.m */; };
		3494769C168B7AAA00B783D2 /* checkbox.xml in Resources */ = {isa = PBXBuildFile; fileRef = 3494769A168B7AAA00B783D2 /* checkbox.xml */; };
		3494769D168B7AAA00B783D2 /* known.xml in Resources */ = {isa = PBXBuildFile; fileRef = 3494769B168B7AAA00B783D2 /* known.xml */; };
		34B60F35184B6395004D80D8 /* Relauncher.m in Sources */ = {isa = PBXBuildFile; fileRef = 34B60F34184B6395004D80D8 /* Relauncher.m */; };
		34BE221C18C1D7800014BB5B /* ServerForUserspace.m in Sources */ = {isa = PBXBuildFile; fileRef = 34BE221B18C1D7800014BB5B /* ServerForUserspace.m */; };
		34D2910313ED96A3002A224E /* Sparkle.framework in Frameworks */ = {isa = PBXBuildFile; fileRef = 34D2910213ED96A3002A224E /* Sparkle.framework */; };
		34D2910613ED97C5002A224E /* Seil_pub.pem in Resources */ = {isa = PBXBuildFile; fileRef = 34D2910513ED97C5002A224E /* Seil_pub.pem */; };
		34D2910D13ED9A27002A224E /* Sparkle.framework in CopyFiles */ = {isa = PBXBuildFile; fileRef = 34D2910213ED96A3002A224E /* Sparkle.framework */; };
		34D65EEA13E06A7400476C2A /* app.icns in Resources */ = {isa = PBXBuildFile; fileRef = 34D65EE913E06A7400476C2A /* app.icns */; };
		34E5165C193EA296002BB013 /* StartAtLoginUtilities.m in Sources */ = {isa = PBXBuildFile; fileRef = 34E5165B193EA296002BB013 /* StartAtLoginUtilities.m */; };
		34F9652C13D742FA0081D1F3 /* PreferencesManager.m in Sources */ = {isa = PBXBuildFile; fileRef = 34F9652913D742FA0081D1F3 /* PreferencesManager.m */; };
		34F9652D13D742FA0081D1F3 /* UserClient_userspace.m in Sources */ = {isa = PBXBuildFile; fileRef = 34F9652B13D742FA0081D1F3 /* UserClient_userspace.m */; };
		8D11072B0486CEB800E47090 /* InfoPlist.strings in Resources */ = {isa = PBXBuildFile; fileRef = 089C165CFE840E0CC02AAC07 /* InfoPlist.strings */; };
		8D11072D0486CEB800E47090 /* main.m in Sources */ = {isa = PBXBuildFile; fileRef = 29B97316FDCFA39411CA2CEA /* main.m */; settings = {ATTRIBUTES = (); }; };
		8D11072F0486CEB800E47090 /* Cocoa.framework in Frameworks */ = {isa = PBXBuildFile; fileRef = 1058C7A1FEA54F0111CA2CBB /* Cocoa.framework */; };
/* End PBXBuildFile section */

/* Begin PBXCopyFilesBuildPhase section */
		34D2910B13ED99B5002A224E /* CopyFiles */ = {
			isa = PBXCopyFilesBuildPhase;
			buildActionMask = 2147483647;
			dstPath = "";
			dstSubfolderSpec = 10;
			files = (
				34D2910D13ED9A27002A224E /* Sparkle.framework in CopyFiles */,
			);
			runOnlyForDeploymentPostprocessing = 0;
		};
/* End PBXCopyFilesBuildPhase section */

/* Begin PBXFileReference section */
		089C165DFE840E0CC02AAC07 /* English */ = {isa = PBXFileReference; fileEncoding = 4; lastKnownFileType = text.plist.strings; name = English; path = English.lproj/InfoPlist.strings; sourceTree = "<group>"; };
		1058C7A1FEA54F0111CA2CBB /* Cocoa.framework */ = {isa = PBXFileReference; lastKnownFileType = wrapper.framework; name = Cocoa.framework; path = /System/Library/Frameworks/Cocoa.framework; sourceTree = "<absolute>"; };
		13E42FB307B3F0F600E4EEF1 /* CoreData.framework */ = {isa = PBXFileReference; lastKnownFileType = wrapper.framework; name = CoreData.framework; path = /System/Library/Frameworks/CoreData.framework; sourceTree = "<absolute>"; };
		1DDD58150DA1D0A300B32029 /* English */ = {isa = PBXFileReference; lastKnownFileType = file.xib; name = English; path = English.lproj/MainMenu.xib; sourceTree = "<group>"; };
		256AC3D80F4B6AC300CF3369 /* AppDelegate.h */ = {isa = PBXFileReference; fileEncoding = 4; lastKnownFileType = sourcecode.c.h; path = AppDelegate.h; sourceTree = "<group>"; };
		256AC3D90F4B6AC300CF3369 /* AppDelegate.m */ = {isa = PBXFileReference; fileEncoding = 4; lastKnownFileType = sourcecode.c.objc; path = AppDelegate.m; sourceTree = "<group>"; };
		256AC3F00F4B6AF500CF3369 /* Seil_server_Prefix.pch */ = {isa = PBXFileReference; fileEncoding = 4; lastKnownFileType = sourcecode.c.h; path = Seil_server_Prefix.pch; sourceTree = "<group>"; };
		29B97316FDCFA39411CA2CEA /* main.m */ = {isa = PBXFileReference; fileEncoding = 4; lastKnownFileType = sourcecode.c.objc; path = main.m; sourceTree = "<group>"; };
		29B97324FDCFA39411CA2CEA /* AppKit.framework */ = {isa = PBXFileReference; lastKnownFileType = wrapper.framework; name = AppKit.framework; path = /System/Library/Frameworks/AppKit.framework; sourceTree = "<absolute>"; };
		29B97325FDCFA39411CA2CEA /* Foundation.framework */ = {isa = PBXFileReference; lastKnownFileType = wrapper.framework; name = Foundation.framework; path = /System/Library/Frameworks/Foundation.framework; sourceTree = "<absolute>"; };
		342A41B7183E507C00BF09C8 /* bridge.h */ = {isa = PBXFileReference; fileEncoding = 4; lastKnownFileType = sourcecode.c.h; name = bridge.h; path = ../../bridge/include/bridge.h; sourceTree = "<group>"; };
		342A41B8183E50B800BF09C8 /* BRIDGE_KEY_INDEX.h */ = {isa = PBXFileReference; fileEncoding = 4; lastKnownFileType = sourcecode.c.h; name = BRIDGE_KEY_INDEX.h; path = ../../bridge/output/BRIDGE_KEY_INDEX.h; sourceTree = "<group>"; };
		342A41B9183E50B800BF09C8 /* bridgeconfig_config.h */ = {isa = PBXFileReference; fileEncoding = 4; lastKnownFileType = sourcecode.c.h; name = bridgeconfig_config.h; path = ../../bridge/output/bridgeconfig_config.h; sourceTree = "<group>"; };
		342A41BA183E50B800BF09C8 /* include.bridge_version.h */ = {isa = PBXFileReference; fileEncoding = 4; lastKnownFileType = sourcecode.c.h; name = include.bridge_version.h; path = ../../bridge/output/include.bridge_version.h; sourceTree = "<group>"; };
		342A41BB183E50B800BF09C8 /* setDefault.h */ = {isa = PBXFileReference; fileEncoding = 4; lastKnownFileType = sourcecode.c.h; name = setDefault.h; path = ../../bridge/output/setDefault.h; sourceTree = "<group>"; };
		343420CA13D74C16000DBD3E /* IOKit.framework */ = {isa = PBXFileReference; lastKnownFileType = wrapper.framework; name = IOKit.framework; path = System/Library/Frameworks/IOKit.framework; sourceTree = SDKROOT; };
		3451A03C1949F0C000E68360 /* MigrationUtilities.h */ = {isa = PBXFileReference; fileEncoding = 4; lastKnownFileType = sourcecode.c.h; name = MigrationUtilities.h; path = ../../share/MigrationUtilities.h; sourceTree = "<group>"; };
		3451A03D1949F0C000E68360 /* MigrationUtilities.m */ = {isa = PBXFileReference; fileEncoding = 4; lastKnownFileType = sourcecode.c.objc; name = MigrationUtilities.m; path = ../../share/MigrationUtilities.m; sourceTree = "<group>"; };
		34598341169CAB66007C84F8 /* ClientForKernelspace.h */ = {isa = PBXFileReference; fileEncoding = 4; lastKnownFileType = sourcecode.c.h; name = ClientForKernelspace.h; path = Classes/ClientForKernelspace.h; sourceTree = "<group>"; };
		34598342169CAB66007C84F8 /* ClientForKernelspace.m */ = {isa = PBXFileReference; fileEncoding = 4; lastKnownFileType = sourcecode.c.objc; name = ClientForKernelspace.m; path = Classes/ClientForKernelspace.m; sourceTree = "<group>"; };
		34656494194DEEA200235998 /* KextLoader.h */ = {isa = PBXFileReference; fileEncoding = 4; lastKnownFileType = sourcecode.c.h; name = KextLoader.h; path = Classes/KextLoader.h; sourceTree = "<group>"; };
		34656495194DEEA200235998 /* KextLoader.m */ = {isa = PBXFileReference; fileEncoding = 4; lastKnownFileType = sourcecode.c.objc; name = KextLoader.m; path = Classes/KextLoader.m; sourceTree = "<group>"; };
		34947682168B6EB000B783D2 /* Updater.h */ = {isa = PBXFileReference; fileEncoding = 4; lastKnownFileType = sourcecode.c.h; name = Updater.h; path = Classes/Updater.h; sourceTree = "<group>"; };
		34947683168B6EB000B783D2 /* Updater.m */ = {isa = PBXFileReference; fileEncoding = 4; lastKnownFileType = sourcecode.c.objc; name = Updater.m; path = Classes/Updater.m; sourceTree = "<group>"; };
		34947686168B6F9200B783D2 /* PreferencesKeys.h */ = {isa = PBXFileReference; fileEncoding = 4; lastKnownFileType = sourcecode.c.h; name = PreferencesKeys.h; path = Classes/PreferencesKeys.h; sourceTree = "<group>"; };
		34947688168B707500B783D2 /* PreferencesController.h */ = {isa = PBXFileReference; fileEncoding = 4; lastKnownFileType = sourcecode.c.h; name = PreferencesController.h; path = Classes/Preferences/PreferencesController.h; sourceTree = "<group>"; };
		34947689168B707500B783D2 /* PreferencesController.m */ = {isa = PBXFileReference; fileEncoding = 4; lastKnownFileType = sourcecode.c.objc; name = PreferencesController.m; path = Classes/Preferences/PreferencesController.m; sourceTree = "<group>"; };
		3494768B168B70F700B783D2 /* NotificationKeys.h */ = {isa = PBXFileReference; fileEncoding = 4; lastKnownFileType = sourcecode.c.h; name = NotificationKeys.h; path = Classes/NotificationKeys.h; sourceTree = "<group>"; };
		34947690168B740E00B783D2 /* OutlineView_keycode.h */ = {isa = PBXFileReference; fileEncoding = 4; lastKnownFileType = sourcecode.c.h; name = OutlineView_keycode.h; path = Classes/Preferences/OutlineView_keycode.h; sourceTree = "<group>"; };
		34947691168B740E00B783D2 /* OutlineView_keycode.m */ = {isa = PBXFileReference; fileEncoding = 4; lastKnownFileType = sourcecode.c.objc; name = OutlineView_keycode.m; path = Classes/Preferences/OutlineView_keycode.m; sourceTree = "<group>"; };
		34947692168B740E00B783D2 /* OutlineView_mixed.h */ = {isa = PBXFileReference; fileEncoding = 4; lastKnownFileType = sourcecode.c.h; name = OutlineView_mixed.h; path = Classes/Preferences/OutlineView_mixed.h; sourceTree = "<group>"; };
		34947693168B740E00B783D2 /* OutlineView_mixed.m */ = {isa = PBXFileReference; fileEncoding = 4; lastKnownFileType = sourcecode.c.objc; name = OutlineView_mixed.m; path = Classes/Preferences/OutlineView_mixed.m; sourceTree = "<group>"; };
		34947694168B740E00B783D2 /* OutlineView.h */ = {isa = PBXFileReference; fileEncoding = 4; lastKnownFileType = sourcecode.c.h; name = OutlineView.h; path = Classes/Preferences/OutlineView.h; sourceTree = "<group>"; };
		34947695168B740E00B783D2 /* OutlineView.m */ = {isa = PBXFileReference; fileEncoding = 4; lastKnownFileType = sourcecode.c.objc; name = OutlineView.m; path = Classes/Preferences/OutlineView.m; sourceTree = "<group>"; };
		3494769A168B7AAA00B783D2 /* checkbox.xml */ = {isa = PBXFileReference; fileEncoding = 4; lastKnownFileType = text.xml; name = checkbox.xml; path = Resources/checkbox.xml; sourceTree = "<group>"; };
		3494769B168B7AAA00B783D2 /* known.xml */ = {isa = PBXFileReference; fileEncoding = 4; lastKnownFileType = text.xml; name = known.xml; path = Resources/known.xml; sourceTree = "<group>"; };
		34B60F33184B6395004D80D8 /* Relauncher.h */ = {isa = PBXFileReference; fileEncoding = 4; lastKnownFileType = sourcecode.c.h; name = Relauncher.h; path = Classes/Relauncher.h; sourceTree = "<group>"; };
		34B60F34184B6395004D80D8 /* Relauncher.m */ = {isa = PBXFileReference; fileEncoding = 4; lastKnownFileType = sourcecode.c.objc; name = Relauncher.m; path = Classes/Relauncher.m; sourceTree = "<group>"; };
		34BE221A18C1D7800014BB5B /* ServerForUserspace.h */ = {isa = PBXFileReference; fileEncoding = 4; lastKnownFileType = sourcecode.c.h; name = ServerForUserspace.h; path = Classes/ServerForUserspace.h; sourceTree = "<group>"; };
		34BE221B18C1D7800014BB5B /* ServerForUserspace.m */ = {isa = PBXFileReference; fileEncoding = 4; lastKnownFileType = sourcecode.c.objc; name = ServerForUserspace.m; path = Classes/ServerForUserspace.m; sourceTree = "<group>"; };
		34BE222018C1D7970014BB5B /* SeilKeys.h */ = {isa = PBXFileReference; fileEncoding = 4; lastKnownFileType = sourcecode.c.h; name = SeilKeys.h; path = ../../share/SeilKeys.h; sourceTree = "<group>"; };
		34BE222118C1D7970014BB5B /* SeilProtocol.h */ = {isa = PBXFileReference; fileEncoding = 4; lastKnownFileType = sourcecode.c.h; name = SeilProtocol.h; path = ../../share/SeilProtocol.h; sourceTree = "<group>"; };
		34D2910213ED96A3002A224E /* Sparkle.framework */ = {isa = PBXFileReference; lastKnownFileType = wrapper.framework; name = Sparkle.framework; path = Frameworks/Sparkle.framework; sourceTree = "<group>"; };
		34D2910513ED97C5002A224E /* Seil_pub.pem */ = {isa = PBXFileReference; fileEncoding = 4; lastKnownFileType = text; name = Seil_pub.pem; path = Resources/Seil_pub.pem; sourceTree = "<group>"; };
		34D65EE913E06A7400476C2A /* app.icns */ = {isa = PBXFileReference; lastKnownFileType = image.icns; name = app.icns; path = ../../share/Resources/app.icns; sourceTree = "<group>"; };
		34E5165A193EA296002BB013 /* StartAtLoginUtilities.h */ = {isa = PBXFileReference; fileEncoding = 4; lastKnownFileType = sourcecode.c.h; name = StartAtLoginUtilities.h; path = ../../share/StartAtLoginUtilities.h; sourceTree = "<group>"; };
		34E5165B193EA296002BB013 /* StartAtLoginUtilities.m */ = {isa = PBXFileReference; fileEncoding = 4; lastKnownFileType = sourcecode.c.objc; name = StartAtLoginUtilities.m; path = ../../share/StartAtLoginUtilities.m; sourceTree = "<group>"; };
		34F9652813D742FA0081D1F3 /* PreferencesManager.h */ = {isa = PBXFileReference; fileEncoding = 4; lastKnownFileType = sourcecode.c.h; name = PreferencesManager.h; path = Classes/PreferencesManager.h; sourceTree = "<group>"; };
		34F9652913D742FA0081D1F3 /* PreferencesManager.m */ = {isa = PBXFileReference; fileEncoding = 4; lastKnownFileType = sourcecode.c.objc; name = PreferencesManager.m; path = Classes/PreferencesManager.m; sourceTree = "<group>"; };
		34F9652A13D742FA0081D1F3 /* UserClient_userspace.h */ = {isa = PBXFileReference; fileEncoding = 4; lastKnownFileType = sourcecode.c.h; name = UserClient_userspace.h; path = Classes/UserClient_userspace.h; sourceTree = "<group>"; };
		34F9652B13D742FA0081D1F3 /* UserClient_userspace.m */ = {isa = PBXFileReference; fileEncoding = 4; lastKnownFileType = sourcecode.c.objc; name = UserClient_userspace.m; path = Classes/UserClient_userspace.m; sourceTree = "<group>"; };
		8D1107310486CEB800E47090 /* Info.plist */ = {isa = PBXFileReference; fileEncoding = 4; lastKnownFileType = text.plist.xml; path = Info.plist; sourceTree = "<group>"; };
		8D1107320486CEB800E47090 /* Seil.app */ = {isa = PBXFileReference; explicitFileType = wrapper.application; includeInIndex = 0; path = Seil.app; sourceTree = BUILT_PRODUCTS_DIR; };
/* End PBXFileReference section */

/* Begin PBXFrameworksBuildPhase section */
		8D11072E0486CEB800E47090 /* Frameworks */ = {
			isa = PBXFrameworksBuildPhase;
			buildActionMask = 2147483647;
			files = (
				34D2910313ED96A3002A224E /* Sparkle.framework in Frameworks */,
				343420CB13D74C16000DBD3E /* IOKit.framework in Frameworks */,
				8D11072F0486CEB800E47090 /* Cocoa.framework in Frameworks */,
			);
			runOnlyForDeploymentPostprocessing = 0;
		};
/* End PBXFrameworksBuildPhase section */

/* Begin PBXGroup section */
		080E96DDFE201D6D7F000001 /* Classes */ = {
			isa = PBXGroup;
			children = (
				256AC3D80F4B6AC300CF3369 /* AppDelegate.h */,
				256AC3D90F4B6AC300CF3369 /* AppDelegate.m */,
				347A7DA514D792730034D71E /* bridge */,
				342A41B7183E507C00BF09C8 /* bridge.h */,
				34598341169CAB66007C84F8 /* ClientForKernelspace.h */,
				34598342169CAB66007C84F8 /* ClientForKernelspace.m */,
				34656494194DEEA200235998 /* KextLoader.h */,
				34656495194DEEA200235998 /* KextLoader.m */,
				3494768B168B70F700B783D2 /* NotificationKeys.h */,
				34947687168B706C00B783D2 /* Preferences */,
				34947686168B6F9200B783D2 /* PreferencesKeys.h */,
				34F9652813D742FA0081D1F3 /* PreferencesManager.h */,
				34F9652913D742FA0081D1F3 /* PreferencesManager.m */,
				34B60F33184B6395004D80D8 /* Relauncher.h */,
				34B60F34184B6395004D80D8 /* Relauncher.m */,
				34BE221A18C1D7800014BB5B /* ServerForUserspace.h */,
				34BE221B18C1D7800014BB5B /* ServerForUserspace.m */,
				34BE221D18C1D7850014BB5B /* share */,
				34947682168B6EB000B783D2 /* Updater.h */,
				34947683168B6EB000B783D2 /* Updater.m */,
				34F9652A13D742FA0081D1F3 /* UserClient_userspace.h */,
				34F9652B13D742FA0081D1F3 /* UserClient_userspace.m */,
			);
			name = Classes;
			sourceTree = "<group>";
		};
		1058C7A0FEA54F0111CA2CBB /* Linked Frameworks */ = {
			isa = PBXGroup;
			children = (
				34D2910213ED96A3002A224E /* Sparkle.framework */,
				343420CA13D74C16000DBD3E /* IOKit.framework */,
				1058C7A1FEA54F0111CA2CBB /* Cocoa.framework */,
			);
			name = "Linked Frameworks";
			sourceTree = "<group>";
		};
		1058C7A2FEA54F0111CA2CBB /* Other Frameworks */ = {
			isa = PBXGroup;
			children = (
				29B97324FDCFA39411CA2CEA /* AppKit.framework */,
				13E42FB307B3F0F600E4EEF1 /* CoreData.framework */,
				29B97325FDCFA39411CA2CEA /* Foundation.framework */,
			);
			name = "Other Frameworks";
			sourceTree = "<group>";
		};
		19C28FACFE9D520D11CA2CBB /* Products */ = {
			isa = PBXGroup;
			children = (
				8D1107320486CEB800E47090 /* Seil.app */,
			);
			name = Products;
			sourceTree = "<group>";
		};
		29B97314FDCFA39411CA2CEA /* Seil_server */ = {
			isa = PBXGroup;
			children = (
				080E96DDFE201D6D7F000001 /* Classes */,
				29B97315FDCFA39411CA2CEA /* Other Sources */,
				29B97317FDCFA39411CA2CEA /* Resources */,
				29B97323FDCFA39411CA2CEA /* Frameworks */,
				19C28FACFE9D520D11CA2CBB /* Products */,
			);
			name = Seil_server;
			sourceTree = "<group>";
		};
		29B97315FDCFA39411CA2CEA /* Other Sources */ = {
			isa = PBXGroup;
			children = (
				29B97316FDCFA39411CA2CEA /* main.m */,
				256AC3F00F4B6AF500CF3369 /* Seil_server_Prefix.pch */,
			);
			name = "Other Sources";
			sourceTree = "<group>";
		};
		29B97317FDCFA39411CA2CEA /* Resources */ = {
			isa = PBXGroup;
			children = (
				34D65EE913E06A7400476C2A /* app.icns */,
				3494769A168B7AAA00B783D2 /* checkbox.xml */,
				8D1107310486CEB800E47090 /* Info.plist */,
				089C165CFE840E0CC02AAC07 /* InfoPlist.strings */,
				3494769B168B7AAA00B783D2 /* known.xml */,
				1DDD58140DA1D0A300B32029 /* MainMenu.xib */,
				34D2910513ED97C5002A224E /* Seil_pub.pem */,
			);
			name = Resources;
			sourceTree = "<group>";
		};
		29B97323FDCFA39411CA2CEA /* Frameworks */ = {
			isa = PBXGroup;
			children = (
				1058C7A0FEA54F0111CA2CBB /* Linked Frameworks */,
				1058C7A2FEA54F0111CA2CBB /* Other Frameworks */,
			);
			name = Frameworks;
			sourceTree = "<group>";
		};
		347A7DA514D792730034D71E /* bridge */ = {
			isa = PBXGroup;
			children = (
				342A41B8183E50B800BF09C8 /* BRIDGE_KEY_INDEX.h */,
				342A41B9183E50B800BF09C8 /* bridgeconfig_config.h */,
				342A41BA183E50B800BF09C8 /* include.bridge_version.h */,
				342A41BB183E50B800BF09C8 /* setDefault.h */,
			);
			name = bridge;
			sourceTree = "<group>";
		};
		34947687168B706C00B783D2 /* Preferences */ = {
			isa = PBXGroup;
			children = (
				34947694168B740E00B783D2 /* OutlineView.h */,
				34947695168B740E00B783D2 /* OutlineView.m */,
				34947690168B740E00B783D2 /* OutlineView_keycode.h */,
				34947691168B740E00B783D2 /* OutlineView_keycode.m */,
				34947692168B740E00B783D2 /* OutlineView_mixed.h */,
				34947693168B740E00B783D2 /* OutlineView_mixed.m */,
				34947688168B707500B783D2 /* PreferencesController.h */,
				34947689168B707500B783D2 /* PreferencesController.m */,
			);
			name = Preferences;
			sourceTree = "<group>";
		};
		34BE221D18C1D7850014BB5B /* share */ = {
			isa = PBXGroup;
			children = (
				3451A03C1949F0C000E68360 /* MigrationUtilities.h */,
				3451A03D1949F0C000E68360 /* MigrationUtilities.m */,
				34BE222018C1D7970014BB5B /* SeilKeys.h */,
				34BE222118C1D7970014BB5B /* SeilProtocol.h */,
				34E5165A193EA296002BB013 /* StartAtLoginUtilities.h */,
				34E5165B193EA296002BB013 /* StartAtLoginUtilities.m */,
			);
			name = share;
			sourceTree = "<group>";
		};
/* End PBXGroup section */

/* Begin PBXNativeTarget section */
		8D1107260486CEB800E47090 /* Seil_server */ = {
			isa = PBXNativeTarget;
			buildConfigurationList = C01FCF4A08A954540054247B /* Build configuration list for PBXNativeTarget "Seil_server" */;
			buildPhases = (
				8D1107290486CEB800E47090 /* Resources */,
				8D11072C0486CEB800E47090 /* Sources */,
				8D11072E0486CEB800E47090 /* Frameworks */,
				34D2910B13ED99B5002A224E /* CopyFiles */,
			);
			buildRules = (
			);
			dependencies = (
			);
			name = Seil_server;
			productInstallPath = "$(HOME)/Applications";
			productName = Seil_server;
			productReference = 8D1107320486CEB800E47090 /* Seil.app */;
			productType = "com.apple.product-type.application";
		};
/* End PBXNativeTarget section */

/* Begin PBXProject section */
		29B97313FDCFA39411CA2CEA /* Project object */ = {
			isa = PBXProject;
			attributes = {
				LastUpgradeCheck = 0510;
			};
			buildConfigurationList = C01FCF4E08A954540054247B /* Build configuration list for PBXProject "Seil_server" */;
			compatibilityVersion = "Xcode 3.2";
			developmentRegion = English;
			hasScannedForEncodings = 1;
			knownRegions = (
				en,
			);
			mainGroup = 29B97314FDCFA39411CA2CEA /* Seil_server */;
			projectDirPath = "";
			projectRoot = "";
			targets = (
				8D1107260486CEB800E47090 /* Seil_server */,
			);
		};
/* End PBXProject section */

/* Begin PBXResourcesBuildPhase section */
		8D1107290486CEB800E47090 /* Resources */ = {
			isa = PBXResourcesBuildPhase;
			buildActionMask = 2147483647;
			files = (
				8D11072B0486CEB800E47090 /* InfoPlist.strings in Resources */,
				1DDD58160DA1D0A300B32029 /* MainMenu.xib in Resources */,
				34D65EEA13E06A7400476C2A /* app.icns in Resources */,
				34D2910613ED97C5002A224E /* Seil_pub.pem in Resources */,
				3494769C168B7AAA00B783D2 /* checkbox.xml in Resources */,
				3494769D168B7AAA00B783D2 /* known.xml in Resources */,
			);
			runOnlyForDeploymentPostprocessing = 0;
		};
/* End PBXResourcesBuildPhase section */

/* Begin PBXSourcesBuildPhase section */
		8D11072C0486CEB800E47090 /* Sources */ = {
			isa = PBXSourcesBuildPhase;
			buildActionMask = 2147483647;
			files = (
				8D11072D0486CEB800E47090 /* main.m in Sources */,
				256AC3DA0F4B6AC300CF3369 /* AppDelegate.m in Sources */,
				34F9652C13D742FA0081D1F3 /* PreferencesManager.m in Sources */,
				3451A03E1949F0C000E68360 /* MigrationUtilities.m in Sources */,
				34E5165C193EA296002BB013 /* StartAtLoginUtilities.m in Sources */,
				34B60F35184B6395004D80D8 /* Relauncher.m in Sources */,
				34BE221C18C1D7800014BB5B /* ServerForUserspace.m in Sources */,
				34F9652D13D742FA0081D1F3 /* UserClient_userspace.m in Sources */,
				34947684168B6EB000B783D2 /* Updater.m in Sources */,
				3494768A168B707500B783D2 /* PreferencesController.m in Sources */,
				34656496194DEEA200235998 /* KextLoader.m in Sources */,
				34947696168B740E00B783D2 /* OutlineView_keycode.m in Sources */,
				34947697168B740E00B783D2 /* OutlineView_mixed.m in Sources */,
				34947698168B740E00B783D2 /* OutlineView.m in Sources */,
				34598343169CAB66007C84F8 /* ClientForKernelspace.m in Sources */,
			);
			runOnlyForDeploymentPostprocessing = 0;
		};
/* End PBXSourcesBuildPhase section */

/* Begin PBXVariantGroup section */
		089C165CFE840E0CC02AAC07 /* InfoPlist.strings */ = {
			isa = PBXVariantGroup;
			children = (
				089C165DFE840E0CC02AAC07 /* English */,
			);
			name = InfoPlist.strings;
			sourceTree = "<group>";
		};
		1DDD58140DA1D0A300B32029 /* MainMenu.xib */ = {
			isa = PBXVariantGroup;
			children = (
				1DDD58150DA1D0A300B32029 /* English */,
			);
			name = MainMenu.xib;
			sourceTree = "<group>";
		};
/* End PBXVariantGroup section */

/* Begin XCBuildConfiguration section */
		C01FCF4C08A954540054247B /* Release */ = {
			isa = XCBuildConfiguration;
			buildSettings = {
				ALWAYS_SEARCH_USER_PATHS = NO;
				COMBINE_HIDPI_IMAGES = YES;
				DEBUG_INFORMATION_FORMAT = "dwarf-with-dsym";
				FRAMEWORK_SEARCH_PATHS = (
					"$(inherited)",
					"\"$(SRCROOT)/Frameworks\"",
				);
				GCC_MODEL_TUNING = G5;
				GCC_PRECOMPILE_PREFIX_HEADER = YES;
				GCC_PREFIX_HEADER = Seil_server_Prefix.pch;
				INFOPLIST_FILE = Info.plist;
				INSTALL_PATH = "$(HOME)/Applications";
				PRODUCT_NAME = Seil;
			};
			name = Release;
		};
		C01FCF5008A954540054247B /* Release */ = {
			isa = XCBuildConfiguration;
			buildSettings = {
				CLANG_ENABLE_MODULES = YES;
				CLANG_ENABLE_OBJC_ARC = YES;
				GCC_C_LANGUAGE_STANDARD = gnu99;
				GCC_ENABLE_OBJC_GC = unsupported;
				GCC_TREAT_WARNINGS_AS_ERRORS = YES;
				GCC_WARN_64_TO_32_BIT_CONVERSION = YES;
				GCC_WARN_ABOUT_MISSING_NEWLINE = YES;
				GCC_WARN_ABOUT_MISSING_PROTOTYPES = YES;
				GCC_WARN_ABOUT_RETURN_TYPE = YES;
				GCC_WARN_CHECK_SWITCH_STATEMENTS = YES;
				GCC_WARN_MISSING_PARENTHESES = YES;
				GCC_WARN_SHADOW = YES;
				GCC_WARN_SIGN_COMPARE = YES;
				GCC_WARN_UNDECLARED_SELECTOR = YES;
				GCC_WARN_UNINITIALIZED_AUTOS = YES;
				GCC_WARN_UNUSED_FUNCTION = YES;
				GCC_WARN_UNUSED_LABEL = YES;
				GCC_WARN_UNUSED_VALUE = YES;
				GCC_WARN_UNUSED_VARIABLE = YES;
				MACOSX_DEPLOYMENT_TARGET = 10.8;
				RUN_CLANG_STATIC_ANALYZER = YES;
				SDKROOT = macosx;
				VALID_ARCHS = "i386 x86_64";
			};
			name = Release;
		};
/* End XCBuildConfiguration section */

/* Begin XCConfigurationList section */
		C01FCF4A08A954540054247B /* Build configuration list for PBXNativeTarget "Seil_server" */ = {
			isa = XCConfigurationList;
			buildConfigurations = (
				C01FCF4C08A954540054247B /* Release */,
			);
			defaultConfigurationIsVisible = 0;
			defaultConfigurationName = Release;
		};
		C01FCF4E08A954540054247B /* Build configuration list for PBXProject "Seil_server" */ = {
			isa = XCConfigurationList;
			buildConfigurations = (
				C01FCF5008A954540054247B /* Release */,
			);
			defaultConfigurationIsVisible = 0;
			defaultConfigurationName = Release;
		};
/* End XCConfigurationList section */
	};
	rootObject = 29B97313FDCFA39411CA2CEA /* Project object */;
}
