// !$*UTF8*$!
{
	archiveVersion = 1;
	classes = {
	};
	objectVersion = 46;
	objects = {

/* Begin PBXBuildFile section */
		34070C4D0DC8A27A0022A857 /* Common.h in Headers */ = {isa = PBXBuildFile; fileRef = 34070C4A0DC8A27A0022A857 /* Common.h */; };
		34070C4E0DC8A27A0022A857 /* Common.m in Sources */ = {isa = PBXBuildFile; fileRef = 34070C4B0DC8A27A0022A857 /* Common.m */; };
		341EAB5D0D94FE450026B39E /* PCKeyboardHackPref.h in Headers */ = {isa = PBXBuildFile; fileRef = 341EAB550D94FE450026B39E /* PCKeyboardHackPref.h */; };
		341EAB5E0D94FE450026B39E /* PCKeyboardHackPref.m in Sources */ = {isa = PBXBuildFile; fileRef = 341EAB560D94FE450026B39E /* PCKeyboardHackPref.m */; };
		341EAB670D94FE500026B39E /* SysctlWrapper.h in Headers */ = {isa = PBXBuildFile; fileRef = 341EAB610D94FE500026B39E /* SysctlWrapper.h */; };
		341EAB680D94FE500026B39E /* SysctlWrapper.m in Sources */ = {isa = PBXBuildFile; fileRef = 341EAB620D94FE500026B39E /* SysctlWrapper.m */; };
		341EAB690D94FE500026B39E /* XMLTreeWrapper.h in Headers */ = {isa = PBXBuildFile; fileRef = 341EAB630D94FE500026B39E /* XMLTreeWrapper.h */; };
		341EAB6A0D94FE500026B39E /* XMLTreeWrapper.m in Sources */ = {isa = PBXBuildFile; fileRef = 341EAB640D94FE500026B39E /* XMLTreeWrapper.m */; };
		343F9ACC0D5493BD00CA85DB /* Security.framework in Frameworks */ = {isa = PBXBuildFile; fileRef = 343F9ACB0D5493BD00CA85DB /* Security.framework */; };
		3453D4550DC8B47A00F93532 /* OutlineView_keycode.h in Headers */ = {isa = PBXBuildFile; fileRef = 3453D4510DC8B47A00F93532 /* OutlineView_keycode.h */; };
		3453D4560DC8B47A00F93532 /* OutlineView_keycode.m in Sources */ = {isa = PBXBuildFile; fileRef = 3453D4520DC8B47A00F93532 /* OutlineView_keycode.m */; };
		3453D4570DC8B47A00F93532 /* OutlineView_mixed.h in Headers */ = {isa = PBXBuildFile; fileRef = 3453D4530DC8B47A00F93532 /* OutlineView_mixed.h */; };
		3453D4580DC8B47A00F93532 /* OutlineView_mixed.m in Sources */ = {isa = PBXBuildFile; fileRef = 3453D4540DC8B47A00F93532 /* OutlineView_mixed.m */; };
		346842F00DC87DFD0094A095 /* OutlineViewUtil.h in Headers */ = {isa = PBXBuildFile; fileRef = 346842EE0DC87DFD0094A095 /* OutlineViewUtil.h */; };
		346842F10DC87DFD0094A095 /* OutlineViewUtil.m in Sources */ = {isa = PBXBuildFile; fileRef = 346842EF0DC87DFD0094A095 /* OutlineViewUtil.m */; };
		34D5F8F00DC8AD2600D6B4EE /* sharecode.h in Headers */ = {isa = PBXBuildFile; fileRef = 34D5F8EF0DC8AD2600D6B4EE /* sharecode.h */; };
		8D202CEA0486D31800D8A456 /* PCKeyboardHack_Prefix.pch in Headers */ = {isa = PBXBuildFile; fileRef = 32DBCFA20370C41700C91783 /* PCKeyboardHack_Prefix.pch */; };
		8D202CED0486D31800D8A456 /* InfoPlist.strings in Resources */ = {isa = PBXBuildFile; fileRef = 089C167DFE841241C02AAC07 /* InfoPlist.strings */; };
		8D202CEE0486D31800D8A456 /* PCKeyboardHackPref.tiff in Resources */ = {isa = PBXBuildFile; fileRef = F506C040013D9D8001CA16C8 /* PCKeyboardHackPref.tiff */; };
		8D202CEF0486D31800D8A456 /* PCKeyboardHackPref.nib in Resources */ = {isa = PBXBuildFile; fileRef = F506C042013D9D8C01CA16C8 /* PCKeyboardHackPref.nib */; };
		8D202CF30486D31800D8A456 /* Cocoa.framework in Frameworks */ = {isa = PBXBuildFile; fileRef = 1058C7ADFEA557BF11CA2CBB /* Cocoa.framework */; };
		8D202CF40486D31800D8A456 /* PreferencePanes.framework in Frameworks */ = {isa = PBXBuildFile; fileRef = F506C035013D953901CA16C8 /* PreferencePanes.framework */; };
/* End PBXBuildFile section */

/* Begin PBXFileReference section */
		089C1672FE841209C02AAC07 /* Foundation.framework */ = {isa = PBXFileReference; lastKnownFileType = wrapper.framework; name = Foundation.framework; path = /System/Library/Frameworks/Foundation.framework; sourceTree = "<absolute>"; };
		089C167EFE841241C02AAC07 /* English */ = {isa = PBXFileReference; fileEncoding = 10; lastKnownFileType = text.plist.strings; name = English; path = English.lproj/InfoPlist.strings; sourceTree = "<group>"; };
		089C167FFE841241C02AAC07 /* AppKit.framework */ = {isa = PBXFileReference; lastKnownFileType = wrapper.framework; name = AppKit.framework; path = /System/Library/Frameworks/AppKit.framework; sourceTree = "<absolute>"; };
		1058C7ADFEA557BF11CA2CBB /* Cocoa.framework */ = {isa = PBXFileReference; lastKnownFileType = wrapper.framework; name = Cocoa.framework; path = /System/Library/Frameworks/Cocoa.framework; sourceTree = "<absolute>"; };
		32DBCFA20370C41700C91783 /* PCKeyboardHack_Prefix.pch */ = {isa = PBXFileReference; fileEncoding = 4; lastKnownFileType = sourcecode.c.h; path = PCKeyboardHack_Prefix.pch; sourceTree = "<group>"; };
		34070C4A0DC8A27A0022A857 /* Common.h */ = {isa = PBXFileReference; fileEncoding = 4; lastKnownFileType = sourcecode.c.h; name = Common.h; path = sharecode/Common.h; sourceTree = "<group>"; };
		34070C4B0DC8A27A0022A857 /* Common.m */ = {isa = PBXFileReference; fileEncoding = 4; lastKnownFileType = sourcecode.c.objc; name = Common.m; path = sharecode/Common.m; sourceTree = "<group>"; };
		341EAB550D94FE450026B39E /* PCKeyboardHackPref.h */ = {isa = PBXFileReference; fileEncoding = 4; lastKnownFileType = sourcecode.c.h; path = PCKeyboardHackPref.h; sourceTree = "<group>"; };
		341EAB560D94FE450026B39E /* PCKeyboardHackPref.m */ = {isa = PBXFileReference; fileEncoding = 4; lastKnownFileType = sourcecode.c.objc; path = PCKeyboardHackPref.m; sourceTree = "<group>"; };
		341EAB610D94FE500026B39E /* SysctlWrapper.h */ = {isa = PBXFileReference; fileEncoding = 4; lastKnownFileType = sourcecode.c.h; name = SysctlWrapper.h; path = sharecode/SysctlWrapper.h; sourceTree = "<group>"; };
		341EAB620D94FE500026B39E /* SysctlWrapper.m */ = {isa = PBXFileReference; fileEncoding = 4; lastKnownFileType = sourcecode.c.objc; name = SysctlWrapper.m; path = sharecode/SysctlWrapper.m; sourceTree = "<group>"; };
		341EAB630D94FE500026B39E /* XMLTreeWrapper.h */ = {isa = PBXFileReference; fileEncoding = 4; lastKnownFileType = sourcecode.c.h; name = XMLTreeWrapper.h; path = sharecode/XMLTreeWrapper.h; sourceTree = "<group>"; };
		341EAB640D94FE500026B39E /* XMLTreeWrapper.m */ = {isa = PBXFileReference; fileEncoding = 4; lastKnownFileType = sourcecode.c.objc; name = XMLTreeWrapper.m; path = sharecode/XMLTreeWrapper.m; sourceTree = "<group>"; };
		343F9ACB0D5493BD00CA85DB /* Security.framework */ = {isa = PBXFileReference; lastKnownFileType = wrapper.framework; name = Security.framework; path = /System/Library/Frameworks/Security.framework; sourceTree = "<absolute>"; };
		3453D4510DC8B47A00F93532 /* OutlineView_keycode.h */ = {isa = PBXFileReference; fileEncoding = 4; lastKnownFileType = sourcecode.c.h; path = OutlineView_keycode.h; sourceTree = "<group>"; };
		3453D4520DC8B47A00F93532 /* OutlineView_keycode.m */ = {isa = PBXFileReference; fileEncoding = 4; lastKnownFileType = sourcecode.c.objc; path = OutlineView_keycode.m; sourceTree = "<group>"; };
		3453D4530DC8B47A00F93532 /* OutlineView_mixed.h */ = {isa = PBXFileReference; fileEncoding = 4; lastKnownFileType = sourcecode.c.h; path = OutlineView_mixed.h; sourceTree = "<group>"; };
		3453D4540DC8B47A00F93532 /* OutlineView_mixed.m */ = {isa = PBXFileReference; fileEncoding = 4; lastKnownFileType = sourcecode.c.objc; path = OutlineView_mixed.m; sourceTree = "<group>"; };
		346842EE0DC87DFD0094A095 /* OutlineViewUtil.h */ = {isa = PBXFileReference; fileEncoding = 4; lastKnownFileType = sourcecode.c.h; name = OutlineViewUtil.h; path = sharecode/OutlineViewUtil.h; sourceTree = "<group>"; };
		346842EF0DC87DFD0094A095 /* OutlineViewUtil.m */ = {isa = PBXFileReference; fileEncoding = 4; lastKnownFileType = sourcecode.c.objc; name = OutlineViewUtil.m; path = sharecode/OutlineViewUtil.m; sourceTree = "<group>"; };
		34D5F8EF0DC8AD2600D6B4EE /* sharecode.h */ = {isa = PBXFileReference; fileEncoding = 4; lastKnownFileType = sourcecode.c.h; name = sharecode.h; path = sharecode/sharecode.h; sourceTree = "<group>"; };
		8D202CF70486D31800D8A456 /* Info.plist */ = {isa = PBXFileReference; fileEncoding = 4; lastKnownFileType = text.plist; path = Info.plist; sourceTree = "<group>"; };
		8D202CF80486D31800D8A456 /* PCKeyboardHack.prefPane */ = {isa = PBXFileReference; explicitFileType = wrapper.cfbundle; includeInIndex = 0; path = PCKeyboardHack.prefPane; sourceTree = BUILT_PRODUCTS_DIR; };
		F506C035013D953901CA16C8 /* PreferencePanes.framework */ = {isa = PBXFileReference; lastKnownFileType = wrapper.framework; name = PreferencePanes.framework; path = /System/Library/Frameworks/PreferencePanes.framework; sourceTree = "<absolute>"; };
		F506C040013D9D8001CA16C8 /* PCKeyboardHackPref.tiff */ = {isa = PBXFileReference; lastKnownFileType = image.tiff; path = PCKeyboardHackPref.tiff; sourceTree = "<group>"; };
		F506C043013D9D8C01CA16C8 /* English */ = {isa = PBXFileReference; lastKnownFileType = wrapper.nib; name = English; path = English.lproj/PCKeyboardHackPref.nib; sourceTree = "<group>"; };
/* End PBXFileReference section */

/* Begin PBXFrameworksBuildPhase section */
		8D202CF20486D31800D8A456 /* Frameworks */ = {
			isa = PBXFrameworksBuildPhase;
			buildActionMask = 2147483647;
			files = (
				8D202CF30486D31800D8A456 /* Cocoa.framework in Frameworks */,
				8D202CF40486D31800D8A456 /* PreferencePanes.framework in Frameworks */,
				343F9ACC0D5493BD00CA85DB /* Security.framework in Frameworks */,
			);
			runOnlyForDeploymentPostprocessing = 0;
		};
/* End PBXFrameworksBuildPhase section */

/* Begin PBXGroup section */
		089C166AFE841209C02AAC07 /* PCKeyboardHack */ = {
			isa = PBXGroup;
			children = (
				08FB77AFFE84173DC02AAC07 /* Classes */,
				32DBCFA10370C40200C91783 /* Other Sources */,
				089C167CFE841241C02AAC07 /* Resources */,
				089C1671FE841209C02AAC07 /* Frameworks and Libraries */,
				19C28FB8FE9D52D311CA2CBB /* Products */,
			);
			name = PCKeyboardHack;
			sourceTree = "<group>";
		};
		089C1671FE841209C02AAC07 /* Frameworks and Libraries */ = {
			isa = PBXGroup;
			children = (
				343F9ACB0D5493BD00CA85DB /* Security.framework */,
				1058C7ACFEA557BF11CA2CBB /* Linked Frameworks */,
				1058C7AEFEA557BF11CA2CBB /* Other Frameworks */,
			);
			name = "Frameworks and Libraries";
			sourceTree = "<group>";
		};
		089C167CFE841241C02AAC07 /* Resources */ = {
			isa = PBXGroup;
			children = (
				8D202CF70486D31800D8A456 /* Info.plist */,
				089C167DFE841241C02AAC07 /* InfoPlist.strings */,
				F506C040013D9D8001CA16C8 /* PCKeyboardHackPref.tiff */,
				F506C042013D9D8C01CA16C8 /* PCKeyboardHackPref.nib */,
			);
			name = Resources;
			sourceTree = "<group>";
		};
		08FB77AFFE84173DC02AAC07 /* Classes */ = {
			isa = PBXGroup;
			children = (
				3453D4510DC8B47A00F93532 /* OutlineView_keycode.h */,
				3453D4520DC8B47A00F93532 /* OutlineView_keycode.m */,
				3453D4530DC8B47A00F93532 /* OutlineView_mixed.h */,
				3453D4540DC8B47A00F93532 /* OutlineView_mixed.m */,
				34D5F8EF0DC8AD2600D6B4EE /* sharecode.h */,
				34070C4A0DC8A27A0022A857 /* Common.h */,
				34070C4B0DC8A27A0022A857 /* Common.m */,
				346842EE0DC87DFD0094A095 /* OutlineViewUtil.h */,
				346842EF0DC87DFD0094A095 /* OutlineViewUtil.m */,
				341EAB610D94FE500026B39E /* SysctlWrapper.h */,
				341EAB620D94FE500026B39E /* SysctlWrapper.m */,
				341EAB630D94FE500026B39E /* XMLTreeWrapper.h */,
				341EAB640D94FE500026B39E /* XMLTreeWrapper.m */,
				341EAB550D94FE450026B39E /* PCKeyboardHackPref.h */,
				341EAB560D94FE450026B39E /* PCKeyboardHackPref.m */,
				34A482AB0D94EDC1002CF803 /* sharecode */,
			);
			name = Classes;
			sourceTree = "<group>";
		};
		1058C7ACFEA557BF11CA2CBB /* Linked Frameworks */ = {
			isa = PBXGroup;
			children = (
				1058C7ADFEA557BF11CA2CBB /* Cocoa.framework */,
				F506C035013D953901CA16C8 /* PreferencePanes.framework */,
			);
			name = "Linked Frameworks";
			sourceTree = "<group>";
		};
		1058C7AEFEA557BF11CA2CBB /* Other Frameworks */ = {
			isa = PBXGroup;
			children = (
				089C1672FE841209C02AAC07 /* Foundation.framework */,
				089C167FFE841241C02AAC07 /* AppKit.framework */,
			);
			name = "Other Frameworks";
			sourceTree = "<group>";
		};
		19C28FB8FE9D52D311CA2CBB /* Products */ = {
			isa = PBXGroup;
			children = (
				8D202CF80486D31800D8A456 /* PCKeyboardHack.prefPane */,
			);
			name = Products;
			sourceTree = "<group>";
		};
		32DBCFA10370C40200C91783 /* Other Sources */ = {
			isa = PBXGroup;
			children = (
				32DBCFA20370C41700C91783 /* PCKeyboardHack_Prefix.pch */,
			);
			name = "Other Sources";
			sourceTree = "<group>";
		};
		34A482AB0D94EDC1002CF803 /* sharecode */ = {
			isa = PBXGroup;
			children = (
			);
			path = sharecode;
			sourceTree = "<group>";
		};
/* End PBXGroup section */

/* Begin PBXHeadersBuildPhase section */
		8D202CE90486D31800D8A456 /* Headers */ = {
			isa = PBXHeadersBuildPhase;
			buildActionMask = 2147483647;
			files = (
				8D202CEA0486D31800D8A456 /* PCKeyboardHack_Prefix.pch in Headers */,
				341EAB5D0D94FE450026B39E /* PCKeyboardHackPref.h in Headers */,
				341EAB670D94FE500026B39E /* SysctlWrapper.h in Headers */,
				341EAB690D94FE500026B39E /* XMLTreeWrapper.h in Headers */,
				346842F00DC87DFD0094A095 /* OutlineViewUtil.h in Headers */,
				34070C4D0DC8A27A0022A857 /* Common.h in Headers */,
				34D5F8F00DC8AD2600D6B4EE /* sharecode.h in Headers */,
				3453D4550DC8B47A00F93532 /* OutlineView_keycode.h in Headers */,
				3453D4570DC8B47A00F93532 /* OutlineView_mixed.h in Headers */,
			);
			runOnlyForDeploymentPostprocessing = 0;
		};
/* End PBXHeadersBuildPhase section */

/* Begin PBXNativeTarget section */
		8D202CE80486D31800D8A456 /* PCKeyboardHack */ = {
			isa = PBXNativeTarget;
			buildConfigurationList = 1DBD214808BA80EA00186707 /* Build configuration list for PBXNativeTarget "PCKeyboardHack" */;
			buildPhases = (
				8D202CE90486D31800D8A456 /* Headers */,
				8D202CEC0486D31800D8A456 /* Resources */,
				8D202CF00486D31800D8A456 /* Sources */,
				8D202CF20486D31800D8A456 /* Frameworks */,
				8D202CF50486D31800D8A456 /* Rez */,
			);
			buildRules = (
			);
			dependencies = (
			);
			name = PCKeyboardHack;
			productInstallPath = "$(HOME)/Library/PreferencePanes";
			productName = PCKeyboardHack;
			productReference = 8D202CF80486D31800D8A456 /* PCKeyboardHack.prefPane */;
			productType = "com.apple.product-type.bundle";
		};
/* End PBXNativeTarget section */

/* Begin PBXProject section */
		089C1669FE841209C02AAC07 /* Project object */ = {
			isa = PBXProject;
			buildConfigurationList = 1DBD214C08BA80EA00186707 /* Build configuration list for PBXProject "PCKeyboardHack" */;
			compatibilityVersion = "Xcode 3.2";
			hasScannedForEncodings = 1;
			mainGroup = 089C166AFE841209C02AAC07 /* PCKeyboardHack */;
			projectDirPath = "";
			projectRoot = "";
			targets = (
				8D202CE80486D31800D8A456 /* PCKeyboardHack */,
			);
		};
/* End PBXProject section */

/* Begin PBXResourcesBuildPhase section */
		8D202CEC0486D31800D8A456 /* Resources */ = {
			isa = PBXResourcesBuildPhase;
			buildActionMask = 2147483647;
			files = (
				8D202CED0486D31800D8A456 /* InfoPlist.strings in Resources */,
				8D202CEE0486D31800D8A456 /* PCKeyboardHackPref.tiff in Resources */,
				8D202CEF0486D31800D8A456 /* PCKeyboardHackPref.nib in Resources */,
			);
			runOnlyForDeploymentPostprocessing = 0;
		};
/* End PBXResourcesBuildPhase section */

/* Begin PBXRezBuildPhase section */
		8D202CF50486D31800D8A456 /* Rez */ = {
			isa = PBXRezBuildPhase;
			buildActionMask = 2147483647;
			files = (
			);
			runOnlyForDeploymentPostprocessing = 0;
		};
/* End PBXRezBuildPhase section */

/* Begin PBXSourcesBuildPhase section */
		8D202CF00486D31800D8A456 /* Sources */ = {
			isa = PBXSourcesBuildPhase;
			buildActionMask = 2147483647;
			files = (
				341EAB5E0D94FE450026B39E /* PCKeyboardHackPref.m in Sources */,
				341EAB680D94FE500026B39E /* SysctlWrapper.m in Sources */,
				341EAB6A0D94FE500026B39E /* XMLTreeWrapper.m in Sources */,
				346842F10DC87DFD0094A095 /* OutlineViewUtil.m in Sources */,
				34070C4E0DC8A27A0022A857 /* Common.m in Sources */,
				3453D4560DC8B47A00F93532 /* OutlineView_keycode.m in Sources */,
				3453D4580DC8B47A00F93532 /* OutlineView_mixed.m in Sources */,
			);
			runOnlyForDeploymentPostprocessing = 0;
		};
/* End PBXSourcesBuildPhase section */

/* Begin PBXVariantGroup section */
		089C167DFE841241C02AAC07 /* InfoPlist.strings */ = {
			isa = PBXVariantGroup;
			children = (
				089C167EFE841241C02AAC07 /* English */,
			);
			name = InfoPlist.strings;
			sourceTree = "<group>";
		};
		F506C042013D9D8C01CA16C8 /* PCKeyboardHackPref.nib */ = {
			isa = PBXVariantGroup;
			children = (
				F506C043013D9D8C01CA16C8 /* English */,
			);
			name = PCKeyboardHackPref.nib;
			sourceTree = "<group>";
		};
/* End PBXVariantGroup section */

/* Begin XCBuildConfiguration section */
		1DBD214A08BA80EA00186707 /* Release */ = {
			isa = XCBuildConfiguration;
			buildSettings = {
				DEBUG_INFORMATION_FORMAT = "dwarf-with-dsym";
				GCC_MODEL_TUNING = G5;
				GCC_PRECOMPILE_PREFIX_HEADER = YES;
				GCC_PREFIX_HEADER = PCKeyboardHack_Prefix.pch;
				INFOPLIST_FILE = Info.plist;
				INSTALL_PATH = "$(HOME)/Library/PreferencePanes";
				PRODUCT_NAME = PCKeyboardHack;
				WRAPPER_EXTENSION = prefPane;
			};
			name = Release;
		};
		1DBD214E08BA80EA00186707 /* Release */ = {
			isa = XCBuildConfiguration;
			buildSettings = {
				ARCHS = "$(ARCHS_STANDARD_32_64_BIT)";
				GCC_ENABLE_OBJC_GC = supported;
				GCC_TREAT_WARNINGS_AS_ERRORS = YES;
				GCC_WARN_64_TO_32_BIT_CONVERSION = YES;
				GCC_WARN_ABOUT_MISSING_NEWLINE = YES;
				GCC_WARN_ABOUT_MISSING_PROTOTYPES = YES;
				GCC_WARN_ABOUT_RETURN_TYPE = YES;
				GCC_WARN_CHECK_SWITCH_STATEMENTS = YES;
				GCC_WARN_MISSING_PARENTHESES = YES;
				GCC_WARN_SHADOW = YES;
				GCC_WARN_SIGN_COMPARE = YES;
				GCC_WARN_UNINITIALIZED_AUTOS = YES;
				GCC_WARN_UNUSED_FUNCTION = YES;
				GCC_WARN_UNUSED_LABEL = YES;
				GCC_WARN_UNUSED_VALUE = YES;
				GCC_WARN_UNUSED_VARIABLE = YES;
				PREBINDING = NO;
				SDKROOT = macosx10.6;
				VALID_ARCHS = "i386 x86_64";
			};
			name = Release;
		};
/* End XCBuildConfiguration section */

/* Begin XCConfigurationList section */
		1DBD214808BA80EA00186707 /* Build configuration list for PBXNativeTarget "PCKeyboardHack" */ = {
			isa = XCConfigurationList;
			buildConfigurations = (
				1DBD214A08BA80EA00186707 /* Release */,
			);
			defaultConfigurationIsVisible = 0;
			defaultConfigurationName = Release;
		};
		1DBD214C08BA80EA00186707 /* Build configuration list for PBXProject "PCKeyboardHack" */ = {
			isa = XCConfigurationList;
			buildConfigurations = (
				1DBD214E08BA80EA00186707 /* Release */,
			);
			defaultConfigurationIsVisible = 0;
			defaultConfigurationName = Release;
		};
/* End XCConfigurationList section */
	};
	rootObject = 089C1669FE841209C02AAC07 /* Project object */;
}
